// !$*UTF8*$!
{
	archiveVersion = 1;
	classes = {
	};
	objectVersion = 77;
	objects = {

/* Begin PBXBuildFile section */
		00B142038F40DF47651DE3FC /* ContentView.swift in Sources */ = {isa = PBXBuildFile; fileRef = 6333149EDC27AFE4F386D892 /* ContentView.swift */; };
		086A26B7FBCA6689A8CFBEFA /* PeerRowView.swift in Sources */ = {isa = PBXBuildFile; fileRef = FB09411CC81953144963CB18 /* PeerRowView.swift */; };
		13BDBEF232701A8D65911FA4 /* Data+Chunking.swift in Sources */ = {isa = PBXBuildFile; fileRef = 2AC40206FC32B2304A187E87 /* Data+Chunking.swift */; };
		1656C05498B4D0A0BF0D09EE /* FileTransferE2ETests.swift in Sources */ = {isa = PBXBuildFile; fileRef = DC117A4A467AED1322168E15 /* FileTransferE2ETests.swift */; };
		17CED2BB3D9F438376227830 /* ChatBubbleView.swift in Sources */ = {isa = PBXBuildFile; fileRef = CAED5F8373D498D847E54328 /* ChatBubbleView.swift */; };
		18A43C643870F03CF49EEE09 /* DeviceGroupStore.swift in Sources */ = {isa = PBXBuildFile; fileRef = 767B8280E0C27142EE4729A5 /* DeviceGroupStore.swift */; };
		18E7D2A8006C6991A961376A /* VoiceCallView.swift in Sources */ = {isa = PBXBuildFile; fileRef = 50393228F69F31F111E2B37B /* VoiceCallView.swift */; };
		1D2D5FAE4893C5D84F9C1A20 /* TCPTransport.swift in Sources */ = {isa = PBXBuildFile; fileRef = 73122425C58B15567D7F7F9D /* TCPTransport.swift */; };
		1F91DF18EB139081A02E6519 /* PeerActionSheet.swift in Sources */ = {isa = PBXBuildFile; fileRef = 12AF7D70A40A90533BFB6169 /* PeerActionSheet.swift */; };
		202AEE36D66263D6678979B4 /* LibraryTab.swift in Sources */ = {isa = PBXBuildFile; fileRef = 01CBB2ECC4DE15E9E2DC0E12 /* LibraryTab.swift */; };
		20790589AF70549A2AD0380D /* CertificateManagerTests.swift in Sources */ = {isa = PBXBuildFile; fileRef = B07C0E24C95366B78FAFC44E /* CertificateManagerTests.swift */; };
		208295A89E6A1DA82C9D7856 /* LaunchScreen.swift in Sources */ = {isa = PBXBuildFile; fileRef = 6A69B497E85725EA8A5E9C1D /* LaunchScreen.swift */; };
		22FCB8EB780E97DE1674CB72 /* ChatManagerGroupTests.swift in Sources */ = {isa = PBXBuildFile; fileRef = DAB5476BBC66A9EA04119567 /* ChatManagerGroupTests.swift */; };
		23049AA320595802D640748B /* DiscoveryView.swift in Sources */ = {isa = PBXBuildFile; fileRef = A979FF3DD437916760AAC312 /* DiscoveryView.swift */; };
		239DB398541A3E45203962AF /* TypingIndicatorView.swift in Sources */ = {isa = PBXBuildFile; fileRef = 09172CEE390C95A62A857CDD /* TypingIndicatorView.swift */; };
		2782480390204B1B5A7D7AB9 /* CallKitManager.swift in Sources */ = {isa = PBXBuildFile; fileRef = D513DA2C80E63FB9BB413B42 /* CallKitManager.swift */; };
		27A6618B320BC359BCC8078F /* DeviceRecordRow.swift in Sources */ = {isa = PBXBuildFile; fileRef = CB53741EB7C892846AE2EB56 /* DeviceRecordRow.swift */; };
		29F116297B31EBBCFAB62E3A /* TextMessagePayload.swift in Sources */ = {isa = PBXBuildFile; fileRef = ED5A1838BC61752B0CC5210B /* TextMessagePayload.swift */; };
		2B11B8027606E7A2F6423CCC /* DocumentPickerView.swift in Sources */ = {isa = PBXBuildFile; fileRef = AFC7F344C93ACB56C79EE3AE /* DocumentPickerView.swift */; };
		313D171E903E165B5BC87B12 /* MessageReceiptPayload.swift in Sources */ = {isa = PBXBuildFile; fileRef = 1D7705F837CE0206F184A116 /* MessageReceiptPayload.swift */; };
		3403A25FBE9065753255202C /* ConnectedTab.swift in Sources */ = {isa = PBXBuildFile; fileRef = 7EB2DE318C4EE011A85C7A5A /* ConnectedTab.swift */; };
		342D25E7C0F456718E67300B /* GroupReadReceiptView.swift in Sources */ = {isa = PBXBuildFile; fileRef = DD96D87B37D77C5FDA71EAE6 /* GroupReadReceiptView.swift */; };
		39A034332CB5376E39A50C65 /* FeatureSettings.swift in Sources */ = {isa = PBXBuildFile; fileRef = 17AAAEF08C9D347971BD3E47 /* FeatureSettings.swift */; };
		3B8C23FCE45A7BAA19CA5CD6 /* BackupRecordListView.swift in Sources */ = {isa = PBXBuildFile; fileRef = 2E76CE04F40C6495A70F9E11 /* BackupRecordListView.swift */; };
		3F7C39D4719DCB9C662022DA /* CrossDeviceFeatureTests.swift in Sources */ = {isa = PBXBuildFile; fileRef = 48EEFD7B3BD8A478DB9668CA /* CrossDeviceFeatureTests.swift */; };
		3FC7000ACFFA0923AA0AE460 /* NearbyTab.swift in Sources */ = {isa = PBXBuildFile; fileRef = 505238DF5946BC1E6E39B70B /* NearbyTab.swift */; };
		3FFBC03FD91DD4BFB1DFD135 /* WebRTCClient.swift in Sources */ = {isa = PBXBuildFile; fileRef = 673CA4547FC92F153E75739C /* WebRTCClient.swift */; };
		402668C766BED0AC8C7E4529 /* E2EIntegrationTests.swift in Sources */ = {isa = PBXBuildFile; fileRef = 613B66E2077223EA0560E336 /* E2EIntegrationTests.swift */; };
		4268B5D7D7320DD32176AC4E /* VoiceCallManager.swift in Sources */ = {isa = PBXBuildFile; fileRef = 21815A246EC26999D8D31534 /* VoiceCallManager.swift */; };
		4700A5799483DE1A0208A038 /* TwoDeviceTests.swift in Sources */ = {isa = PBXBuildFile; fileRef = D9DC79A8D29D6B05BC7B689B /* TwoDeviceTests.swift */; };
		4AFFE47EBC8AB46AC62B9364 /* FileTransferIntegrationTests.swift in Sources */ = {isa = PBXBuildFile; fileRef = D2960B43A95AAF464A94524C /* FileTransferIntegrationTests.swift */; };
		4F7C9220F1F5BFC1CCE311CE /* ScreenshotModeProvider.swift in Sources */ = {isa = PBXBuildFile; fileRef = C8D5D787B4A7EA3EBCFA8015 /* ScreenshotModeProvider.swift */; };
		53697C35A570F2E19AFBC410 /* ConnectionManagerTests.swift in Sources */ = {isa = PBXBuildFile; fileRef = 0348BF900E45022E5C6F3268 /* ConnectionManagerTests.swift */; };
		5418D2C8E97B7FA61101B692 /* ConsentSheet.swift in Sources */ = {isa = PBXBuildFile; fileRef = 923FD5FA87FD257ADB28D0D2 /* ConsentSheet.swift */; };
		576B501BA221A9FAD6309E7B /* VoicePlayer.swift in Sources */ = {isa = PBXBuildFile; fileRef = 4DECB18745BF9BF19F554D57 /* VoicePlayer.swift */; };
		5839437F8BE56D08943B46C8 /* ClipboardShareView.swift in Sources */ = {isa = PBXBuildFile; fileRef = 464E327397A28A5447B9E7D2 /* ClipboardShareView.swift */; };
		5869553DAA2A2C0975800025 /* DisconnectSheet.swift in Sources */ = {isa = PBXBuildFile; fileRef = 0D98B7E882918091D8A90224 /* DisconnectSheet.swift */; };
		5D59113DCD6E53DE9974640F /* TransferHistoryView.swift in Sources */ = {isa = PBXBuildFile; fileRef = FC682C14084D950A4869B2CE /* TransferHistoryView.swift */; };
		5E80D5077A36825757B36CDA /* ChatIntegrationTests.swift in Sources */ = {isa = PBXBuildFile; fileRef = 52E26A2A79E586A8C4C682EB /* ChatIntegrationTests.swift */; };
		61C5755BCACA92C8D909B00B /* GroupEditorView.swift in Sources */ = {isa = PBXBuildFile; fileRef = 715D93D38328F7F41A2BB8DB /* GroupEditorView.swift */; };
		62EE3D9CDBDADC0A2D8DC24B /* FileTransferSession.swift in Sources */ = {isa = PBXBuildFile; fileRef = AD1B2B945FCDC84E81364EED /* FileTransferSession.swift */; };
		6309076E3D2F3BB15C6C675B /* ChatMessage.swift in Sources */ = {isa = PBXBuildFile; fileRef = 4EF1CBD311D71DDF863068E4 /* ChatMessage.swift */; };
		6352E5CBE89C2E1B123E88B5 /* PerformanceE2ETests.swift in Sources */ = {isa = PBXBuildFile; fileRef = 46984ED073D1B5356FEAEF0A /* PerformanceE2ETests.swift */; };
		63BE92E572C307D1C28DE737 /* PeerAvatar.swift in Sources */ = {isa = PBXBuildFile; fileRef = 78D7C0916E3A7FFA6ED0CD4E /* PeerAvatar.swift */; };
		6691C0DC05645F5A6BB7DEC1 /* MediaPreviewView.swift in Sources */ = {isa = PBXBuildFile; fileRef = A4DA8BF1A5C5506A039A44DE /* MediaPreviewView.swift */; };
		6846CE42A5D47F5DEF96C530 /* MockDiscovery.swift in Sources */ = {isa = PBXBuildFile; fileRef = 0FBCA04FC49FA5A58F002662 /* MockDiscovery.swift */; };
		6A8837F44D5DC1F207C3948F /* TEST_SPEC.md in Resources */ = {isa = PBXBuildFile; fileRef = 5F2B53349AFF1B7FB87A830E /* TEST_SPEC.md */; };
		6BC209FDB9F4AA0CED375FA9 /* NWConnection+Async.swift in Sources */ = {isa = PBXBuildFile; fileRef = 515ABAB80F2FAFFA147E539E /* NWConnection+Async.swift */; };
		6D9E553AC7F947B9101E3D1A /* ConnectionStatusHeaderView.swift in Sources */ = {isa = PBXBuildFile; fileRef = 3D03168691C8271ED0CCDFB8 /* ConnectionStatusHeaderView.swift */; };
		6F346DC19133E5CC09B63891 /* ConnectionTimeoutTests.swift in Sources */ = {isa = PBXBuildFile; fileRef = 2E188F98137CC86BA3F87F9E /* ConnectionTimeoutTests.swift */; };
		70EE13BE136658C0B8EB3AE2 /* TransferMetadataTests.swift in Sources */ = {isa = PBXBuildFile; fileRef = 8F2323104D4377FDEEF337CB /* TransferMetadataTests.swift */; };
		74DA55958F74974AA3086DC6 /* ConnectionState.swift in Sources */ = {isa = PBXBuildFile; fileRef = 84D629FA007356EBA90D5F5A /* ConnectionState.swift */; };
		78EF5354C89CF51473FD7D49 /* FilePickerView.swift in Sources */ = {isa = PBXBuildFile; fileRef = A8034F4F86233093A4E36905 /* FilePickerView.swift */; };
		791E5E35499FE4796FFDB4B8 /* MessageType.swift in Sources */ = {isa = PBXBuildFile; fileRef = C292EE90B82150846F8F75E6 /* MessageType.swift */; };
		7C0D9050750875F998E05FCD /* ProtocolVersion.swift in Sources */ = {isa = PBXBuildFile; fileRef = B6F5C32BB0A6648236791F0B /* ProtocolVersion.swift */; };
		7E18D695CB47FF12411FA824 /* MultiSimTestBase.swift in Sources */ = {isa = PBXBuildFile; fileRef = 69468BFD13006A4427A306C6 /* MultiSimTestBase.swift */; };
		8089303B801F6FBE5E25C4B5 /* DisabledFeatureUXTests.swift in Sources */ = {isa = PBXBuildFile; fileRef = 1DD1035C987434358B87AFCD /* DisabledFeatureUXTests.swift */; };
		81920D8F8E949921862DF8BB /* PeerConnectionState.swift in Sources */ = {isa = PBXBuildFile; fileRef = 4EA9862E96770E9E7C4DC4E2 /* PeerConnectionState.swift */; };
		82AB0A2711658311B6373371 /* MessageFramerTests.swift in Sources */ = {isa = PBXBuildFile; fileRef = 8895CA9BCA992CBB0102A3C7 /* MessageFramerTests.swift */; };
		8493F3E5C9C9CBAEA52CB0B0 /* ChatView.swift in Sources */ = {isa = PBXBuildFile; fileRef = C4148097F734513B29899E4A /* ChatView.swift */; };
		84A097F8EE6479C7E63E0281 /* ChatDataEncryptor.swift in Sources */ = {isa = PBXBuildFile; fileRef = D429FE1BFE72E640119F3568 /* ChatDataEncryptor.swift */; };
		8685EB1F6658650B6B97A528 /* ReconnectTests.swift in Sources */ = {isa = PBXBuildFile; fileRef = 5BE45F7EE204F6F3E38ACB4A /* ReconnectTests.swift */; };
		874F53371173F39758963EA1 /* ArchiveManager.swift in Sources */ = {isa = PBXBuildFile; fileRef = 1E5ABCC55FDF18BE085B2AC3 /* ArchiveManager.swift */; };
		88DEFED6EF2E7F1872648030 /* TLSConfiguration.swift in Sources */ = {isa = PBXBuildFile; fileRef = 5488BDB916346C1C0D52034F /* TLSConfiguration.swift */; };
		899E55194720BED07EBFF5D8 /* RetryPolicyTests.swift in Sources */ = {isa = PBXBuildFile; fileRef = 0D66F32C1146402F70397940 /* RetryPolicyTests.swift */; };
		8AC1D27408D667B99802D3CF /* SnapshotHelper.swift in Sources */ = {isa = PBXBuildFile; fileRef = 9FEB4731FDC3D68845A758F3 /* SnapshotHelper.swift */; };
		8DA618D655A058770E1034F8 /* EdgeCaseTests.swift in Sources */ = {isa = PBXBuildFile; fileRef = 0694CAF31BEAB2BA98E99ECB /* EdgeCaseTests.swift */; };
		8FB470518247A3ABB9341C15 /* Assets.xcassets in Resources */ = {isa = PBXBuildFile; fileRef = F1547C59857B7BD88CF8516D /* Assets.xcassets */; };
		9110550525FA92103FF5B86A /* DiscoveryService.swift in Sources */ = {isa = PBXBuildFile; fileRef = 0CB9C675EFD739621740F9F9 /* DiscoveryService.swift */; };
		91CAFCE77CB2258986637357 /* ConnectionManager.swift in Sources */ = {isa = PBXBuildFile; fileRef = B9B620D00284A700C480C5E5 /* ConnectionManager.swift */; };
		93BB9B20B2D081E5601CEE00 /* AcceptConnectionHelper.swift in Sources */ = {isa = PBXBuildFile; fileRef = BB785F2E159A543F61378FB2 /* AcceptConnectionHelper.swift */; };
		9469CA1EC0E6DCCE708ED7E6 /* HashVerifier.swift in Sources */ = {isa = PBXBuildFile; fileRef = 5ED89221EA62C36E1FA97B61 /* HashVerifier.swift */; };
		94BF945F88CA9B360A7545CD /* TimeoutReconnectTests.swift in Sources */ = {isa = PBXBuildFile; fileRef = 9024CFE888C9CDAA47353A03 /* TimeoutReconnectTests.swift */; };
		96E695C9B0E51653498D333F /* ChatSearchView.swift in Sources */ = {isa = PBXBuildFile; fileRef = E7309341D4AA4F781C7B7A59 /* ChatSearchView.swift */; };
		9A0AE6490AE9C3A6306B7D62 /* AssignGroupSheet.swift in Sources */ = {isa = PBXBuildFile; fileRef = 91A372C9EE0F8B252F4EA5C6 /* AssignGroupSheet.swift */; };
		9A235E33827AC9E33BECB54C /* ConnectionE2ETests.swift in Sources */ = {isa = PBXBuildFile; fileRef = 4B52261C190C8AD9BEA9B35F /* ConnectionE2ETests.swift */; };
		9C46933AE9ED40CF1729A0D9 /* LoopbackIntegrationTests.swift in Sources */ = {isa = PBXBuildFile; fileRef = 53C0C643F928C7A196A12C3C /* LoopbackIntegrationTests.swift */; };
		9F91E409FC12B0F37B21F566 /* MessageFramer.swift in Sources */ = {isa = PBXBuildFile; fileRef = C3B151AA8B81196D0B94DFC8 /* MessageFramer.swift */; };
		9F9662F64C669221246F63E8 /* SnapshotTests.swift in Sources */ = {isa = PBXBuildFile; fileRef = 84C0D4FA1E9B081F5960A5F5 /* SnapshotTests.swift */; };
		A31C96C072B1CDD392201E15 /* HapticManagerTests.swift in Sources */ = {isa = PBXBuildFile; fileRef = 712B1A451CA2B1DD0FF90462 /* HapticManagerTests.swift */; };
		A36DC25C0A7CBD82A82F298B /* ReactionPayload.swift in Sources */ = {isa = PBXBuildFile; fileRef = 164E30461F67A2E80FD9DA0A /* ReactionPayload.swift */; };
		A509D5F1A5F7052EA5A17B97 /* CameraPickerView.swift in Sources */ = {isa = PBXBuildFile; fileRef = FF26DD75E9420CA07E5B83FB /* CameraPickerView.swift */; };
		A523E3D891FD690DFE7F9F63 /* MessageReceiptTests.swift in Sources */ = {isa = PBXBuildFile; fileRef = 94BD192C79B059E535261B80 /* MessageReceiptTests.swift */; };
		A74847A67B418445595E82AF /* URL+Zip.swift in Sources */ = {isa = PBXBuildFile; fileRef = 4140F87FED34F546E01E5EDC /* URL+Zip.swift */; };
		A838F5582EC4B71A97DE5DEE /* PeerDropApp.swift in Sources */ = {isa = PBXBuildFile; fileRef = CAB4749E439D0C347B4008E3 /* PeerDropApp.swift */; };
		A94523D3B3E9B9DF528E7358 /* DiscoveryServiceTests.swift in Sources */ = {isa = PBXBuildFile; fileRef = B67AD588AE5B03D2A0DE399F /* DiscoveryServiceTests.swift */; };
		AAEB94525DFB07657E10BEFF /* TailscalePeer.swift in Sources */ = {isa = PBXBuildFile; fileRef = F5D979E35021B42ECC2F105F /* TailscalePeer.swift */; };
		AB02B2955669F006F3D1FC9D /* DeviceGroup.swift in Sources */ = {isa = PBXBuildFile; fileRef = 845F9A45A26890E69A1A77D3 /* DeviceGroup.swift */; };
		AC282EF4C7E2C8E7F1A87ABE /* UserProfile.swift in Sources */ = {isa = PBXBuildFile; fileRef = BF554150AAF6288377FCA57C /* UserProfile.swift */; };
		AC394953E0699D3BC62370F5 /* GroupDetailView.swift in Sources */ = {isa = PBXBuildFile; fileRef = 420320526B18E15D11A63B4C /* GroupDetailView.swift */; };
		B4252FDB1F7BF7D7A6CFCBBF /* StatusBadge.swift in Sources */ = {isa = PBXBuildFile; fileRef = 4E541AC353B141C1ABC8F38B /* StatusBadge.swift */; };
		B67BE936119A20744D591C90 /* TransferRecord.swift in Sources */ = {isa = PBXBuildFile; fileRef = 2688CA0B5DF0712CDB7418FF /* TransferRecord.swift */; };
		B79F1D2D3B47C8B62B8A269F /* GroupChatView.swift in Sources */ = {isa = PBXBuildFile; fileRef = 712CCBDE5A63978DD474D214 /* GroupChatView.swift */; };
		BB0A876963F26D7D52EECB7A /* UserProfileView.swift in Sources */ = {isa = PBXBuildFile; fileRef = E8F4A49D91838BC9DB3C3054 /* UserProfileView.swift */; };
		BBC0DE4F2E2D726004FF0149 /* NotificationManager.swift in Sources */ = {isa = PBXBuildFile; fileRef = 36E1878253B14C0D4CE9B21E /* NotificationManager.swift */; };
		BC36880D49020290230785A6 /* MediaMessagePayload.swift in Sources */ = {isa = PBXBuildFile; fileRef = F90A00FA64ADA77E29D17065 /* MediaMessagePayload.swift */; };
		BF9B0B0E3477A3910950E1F5 /* ChatManager.swift in Sources */ = {isa = PBXBuildFile; fileRef = 54FE8864F1DAC5AE51A9F6F3 /* ChatManager.swift */; };
		C134F6183870B18F25D66B1B /* DiscoveryE2ETests.swift in Sources */ = {isa = PBXBuildFile; fileRef = 1D0644790BDA63B2309997A1 /* DiscoveryE2ETests.swift */; };
		C1A720FFD1EB4CC3168F0088 /* FeatureVerificationTests.swift in Sources */ = {isa = PBXBuildFile; fileRef = B198ADBAA38DB5D0B76D37A4 /* FeatureVerificationTests.swift */; };
		C23703D3233423E7B97BF640 /* PerformanceTests.swift in Sources */ = {isa = PBXBuildFile; fileRef = 9213B13A8B9B9DF21664EA58 /* PerformanceTests.swift */; };
		C3C0C03588C1886421B97385 /* DeviceRecordStore.swift in Sources */ = {isa = PBXBuildFile; fileRef = 246752F17DF326BC833C33C1 /* DeviceRecordStore.swift */; };
		C4A1EF54C15B9C11604C8857 /* TypingIndicatorTests.swift in Sources */ = {isa = PBXBuildFile; fileRef = CFB523BDF87B8FE3276D9B4F /* TypingIndicatorTests.swift */; };
		C8610709388D003A0C81EB85 /* ManualConnectView.swift in Sources */ = {isa = PBXBuildFile; fileRef = FC8A396B6D7C4DEEDE10191A /* ManualConnectView.swift */; };
		C90779775E285D4D1D4D26EB /* ToastView.swift in Sources */ = {isa = PBXBuildFile; fileRef = 0F97E28AE05420CF10F681A8 /* ToastView.swift */; };
		C9430870CEECA6E54B1F6086 /* ConsentFlowUITests.swift in Sources */ = {isa = PBXBuildFile; fileRef = 5109FA0E4C4ED974F8FDDFE5 /* ConsentFlowUITests.swift */; };
		C9B70AA2CD7DC0FEBB1D3ECE /* MessageReplyTests.swift in Sources */ = {isa = PBXBuildFile; fileRef = D10480B57B5AB5F6CD342177 /* MessageReplyTests.swift */; };
		CA5D8EB04D2EF450A33FA695 /* VoiceRecorder.swift in Sources */ = {isa = PBXBuildFile; fileRef = 2601334C35CC97A1F3CA9542 /* VoiceRecorder.swift */; };
		CB106AF82E824F38BCAC40AF /* PeerConnection.swift in Sources */ = {isa = PBXBuildFile; fileRef = 8B26FB4E84C8AA044641DEE4 /* PeerConnection.swift */; };
		CC842905F9E584D928A4F003 /* CircuitBreakerTests.swift in Sources */ = {isa = PBXBuildFile; fileRef = 62E8D448DEC6736EA30703D2 /* CircuitBreakerTests.swift */; };
		CCB9B46D8FAB607EEF574515 /* ChatE2ETests.swift in Sources */ = {isa = PBXBuildFile; fileRef = ED3F8AF2B19CC3C425A05946 /* ChatE2ETests.swift */; };
		CD53B74D15A17A0A733B97E0 /* E2ETestSuites.swift in Sources */ = {isa = PBXBuildFile; fileRef = EA32370BB5417DCFA96EBEEB /* E2ETestSuites.swift */; };
		CF75E0F98348446155AFC727 /* TransportProtocol.swift in Sources */ = {isa = PBXBuildFile; fileRef = 77C92E76445C07EBDC65FE04 /* TransportProtocol.swift */; };
		D2D66422C311F0DAEECE29CF /* ComprehensiveVerificationTests.swift in Sources */ = {isa = PBXBuildFile; fileRef = DC809F7D677B913F3AF50137 /* ComprehensiveVerificationTests.swift */; };
		D382B38045C3F4ED6239D259 /* FileTransfer.swift in Sources */ = {isa = PBXBuildFile; fileRef = D4D28254D09D4993B28316CD /* FileTransfer.swift */; };
		D5E5261C0767F72FDBAAE03F /* HashVerifierTests.swift in Sources */ = {isa = PBXBuildFile; fileRef = A57B9658D84C80BE6C2DD854 /* HashVerifierTests.swift */; };
		D7733CC25EB645F65CE1FB01 /* ConnectionView.swift in Sources */ = {isa = PBXBuildFile; fileRef = E6A958BCBDDF82ED395CFE24 /* ConnectionView.swift */; };
		D7A85C61F57646A64E170080 /* GroupRow.swift in Sources */ = {isa = PBXBuildFile; fileRef = 8F73F1E9902B840A6C0AE1F0 /* GroupRow.swift */; };
		D94701A12A5E62279312EC22 /* AppDelegate.swift in Sources */ = {isa = PBXBuildFile; fileRef = 395F6F602CF93ADE6BAEE19D /* AppDelegate.swift */; };
		DA42DB23C8EA7A302D500E58 /* PeerMessage.swift in Sources */ = {isa = PBXBuildFile; fileRef = 68F68921A1EFE5717EFF8690 /* PeerMessage.swift */; };
		DAF0872294A78635ED2BD12A /* TimeoutConsentTests.swift in Sources */ = {isa = PBXBuildFile; fileRef = D2E36DB065AE031DED58C276 /* TimeoutConsentTests.swift */; };
		DC36D0D22B9764100D164C35 /* TypingIndicatorPayload.swift in Sources */ = {isa = PBXBuildFile; fileRef = 808A9F64C76046B0B42E2472 /* TypingIndicatorPayload.swift */; };
		DCF611CAA4F3D0494384187B /* StateMachineTests.swift in Sources */ = {isa = PBXBuildFile; fileRef = 62BCE102DDD1DEE79E0737B4 /* StateMachineTests.swift */; };
		DD5CB1040D7599EEF72DC92B /* FullFeatureVerificationTests.swift in Sources */ = {isa = PBXBuildFile; fileRef = EE5B643A84D7A2E047AA8855 /* FullFeatureVerificationTests.swift */; };
		E18567293F69BFFD0F2A4C12 /* VoiceCallSession.swift in Sources */ = {isa = PBXBuildFile; fileRef = F60F92B4EC5901ADDE61782D /* VoiceCallSession.swift */; };
		E55B24C969A12E4905A98F0D /* TransferProgressView.swift in Sources */ = {isa = PBXBuildFile; fileRef = 38C2478F20C10D5FB383E756 /* TransferProgressView.swift */; };
		E6A5A1F6F088625901B7665A /* HapticManager.swift in Sources */ = {isa = PBXBuildFile; fileRef = D2DCFBCFE70135D56BBFBD9E /* HapticManager.swift */; };
		EB33CCE006494C0D7838038F /* CertificateManager.swift in Sources */ = {isa = PBXBuildFile; fileRef = 1AB3DE12412A72AA37C495B3 /* CertificateManager.swift */; };
		EC1C004623ED6E90FFA8F605 /* MediaMessageTests.swift in Sources */ = {isa = PBXBuildFile; fileRef = B4BE9C8291174DB9D2A8627E /* MediaMessageTests.swift */; };
		EC38263A97EFDFA52ACC9377 /* SettingsView.swift in Sources */ = {isa = PBXBuildFile; fileRef = 41DCF1ACEEF25E8262FC1291 /* SettingsView.swift */; };
		EE390C95FDFF883F3922C30D /* MockTransport.swift in Sources */ = {isa = PBXBuildFile; fileRef = 883D84FF5E1F966F1CED7BC2 /* MockTransport.swift */; };
		EE3FDCDE1B20A0027BC311E5 /* ReactionPickerView.swift in Sources */ = {isa = PBXBuildFile; fileRef = BA137F066528B6AB98E71424 /* ReactionPickerView.swift */; };
		EF397F7C55CD03C40EB060CC /* StatusToastView.swift in Sources */ = {isa = PBXBuildFile; fileRef = 8522C558C3B5DDC867FCE801 /* StatusToastView.swift */; };
		EF4CFC9180E25C15F1F95713 /* DeviceRecord.swift in Sources */ = {isa = PBXBuildFile; fileRef = ED61426A4AA5BA587AA09CE9 /* DeviceRecord.swift */; };
		F04BBD59F93EF3F40E93A713 /* FileTransferTests.swift in Sources */ = {isa = PBXBuildFile; fileRef = 90A9DA5F16B00839A9012834 /* FileTransferTests.swift */; };
		F197E8CFA4067CF49BC85B16 /* DeviceRecordStoreTests.swift in Sources */ = {isa = PBXBuildFile; fileRef = C6D663FC8702DFAD7B533905 /* DeviceRecordStoreTests.swift */; };
		F21394B4FF3FCF7E66AE4035 /* PeerIdentity.swift in Sources */ = {isa = PBXBuildFile; fileRef = 62EF3D4E1027C808D9C31741 /* PeerIdentity.swift */; };
		F422276653E0728E859B9BC9 /* WebRTC in Frameworks */ = {isa = PBXBuildFile; productRef = 4C17EA9E6BE4797FC20EBBBC /* WebRTC */; };
		F906D35D0D3CD0586BC5B046 /* BonjourDiscovery.swift in Sources */ = {isa = PBXBuildFile; fileRef = 834914784D4C95CFABAA0C27 /* BonjourDiscovery.swift */; };
		FA1DFD5C875FCFA863A9B356 /* ScreenshotTests.swift in Sources */ = {isa = PBXBuildFile; fileRef = 8224792B71D1A4AEB8670080 /* ScreenshotTests.swift */; };
		FA86F407E38041676D1C7D84 /* PeerGridItemView.swift in Sources */ = {isa = PBXBuildFile; fileRef = B6E1809532A651DA46008F31 /* PeerGridItemView.swift */; };
		FEE61C94B5009E0D2BE14302 /* SDPSignaling.swift in Sources */ = {isa = PBXBuildFile; fileRef = 37D3096AC5F3A6FEA67284EC /* SDPSignaling.swift */; };
		FF6F383897F52F459CB1893F /* PeerMessageTests.swift in Sources */ = {isa = PBXBuildFile; fileRef = 46652C6101A4F1D53ACAAAF2 /* PeerMessageTests.swift */; };
		FFAED0C0D33E4E57C00B905B /* TransferMetadata.swift in Sources */ = {isa = PBXBuildFile; fileRef = BF403F57E4AFEF57037755B2 /* TransferMetadata.swift */; };
/* End PBXBuildFile section */

/* Begin PBXContainerItemProxy section */
		2B17F4DCD10261C5D277FE35 /* PBXContainerItemProxy */ = {
			isa = PBXContainerItemProxy;
			containerPortal = 68DA42402509F8E5D3003CEA /* Project object */;
			proxyType = 1;
			remoteGlobalIDString = 0A0CD5FF6A828E9185B2315B;
			remoteInfo = PeerDrop;
		};
		6D96F107E9874BCB904A1FAA /* PBXContainerItemProxy */ = {
			isa = PBXContainerItemProxy;
			containerPortal = 68DA42402509F8E5D3003CEA /* Project object */;
			proxyType = 1;
			remoteGlobalIDString = 0A0CD5FF6A828E9185B2315B;
			remoteInfo = PeerDrop;
		};
/* End PBXContainerItemProxy section */

/* Begin PBXFileReference section */
		01CBB2ECC4DE15E9E2DC0E12 /* LibraryTab.swift */ = {isa = PBXFileReference; lastKnownFileType = sourcecode.swift; path = LibraryTab.swift; sourceTree = "<group>"; };
		0348BF900E45022E5C6F3268 /* ConnectionManagerTests.swift */ = {isa = PBXFileReference; lastKnownFileType = sourcecode.swift; path = ConnectionManagerTests.swift; sourceTree = "<group>"; };
		0694CAF31BEAB2BA98E99ECB /* EdgeCaseTests.swift */ = {isa = PBXFileReference; lastKnownFileType = sourcecode.swift; path = EdgeCaseTests.swift; sourceTree = "<group>"; };
		09172CEE390C95A62A857CDD /* TypingIndicatorView.swift */ = {isa = PBXFileReference; lastKnownFileType = sourcecode.swift; path = TypingIndicatorView.swift; sourceTree = "<group>"; };
		0CB9C675EFD739621740F9F9 /* DiscoveryService.swift */ = {isa = PBXFileReference; lastKnownFileType = sourcecode.swift; path = DiscoveryService.swift; sourceTree = "<group>"; };
		0D66F32C1146402F70397940 /* RetryPolicyTests.swift */ = {isa = PBXFileReference; lastKnownFileType = sourcecode.swift; path = RetryPolicyTests.swift; sourceTree = "<group>"; };
		0D98B7E882918091D8A90224 /* DisconnectSheet.swift */ = {isa = PBXFileReference; lastKnownFileType = sourcecode.swift; path = DisconnectSheet.swift; sourceTree = "<group>"; };
		0F97E28AE05420CF10F681A8 /* ToastView.swift */ = {isa = PBXFileReference; lastKnownFileType = sourcecode.swift; path = ToastView.swift; sourceTree = "<group>"; };
		0FBCA04FC49FA5A58F002662 /* MockDiscovery.swift */ = {isa = PBXFileReference; lastKnownFileType = sourcecode.swift; path = MockDiscovery.swift; sourceTree = "<group>"; };
		107432E165DB757DDBC416BC /* PeerDropTests.xctest */ = {isa = PBXFileReference; includeInIndex = 0; lastKnownFileType = wrapper.cfbundle; path = PeerDropTests.xctest; sourceTree = BUILT_PRODUCTS_DIR; };
		12AF7D70A40A90533BFB6169 /* PeerActionSheet.swift */ = {isa = PBXFileReference; lastKnownFileType = sourcecode.swift; path = PeerActionSheet.swift; sourceTree = "<group>"; };
		164E30461F67A2E80FD9DA0A /* ReactionPayload.swift */ = {isa = PBXFileReference; lastKnownFileType = sourcecode.swift; path = ReactionPayload.swift; sourceTree = "<group>"; };
		17AAAEF08C9D347971BD3E47 /* FeatureSettings.swift */ = {isa = PBXFileReference; lastKnownFileType = sourcecode.swift; path = FeatureSettings.swift; sourceTree = "<group>"; };
		1AB3DE12412A72AA37C495B3 /* CertificateManager.swift */ = {isa = PBXFileReference; lastKnownFileType = sourcecode.swift; path = CertificateManager.swift; sourceTree = "<group>"; };
		1D0644790BDA63B2309997A1 /* DiscoveryE2ETests.swift */ = {isa = PBXFileReference; lastKnownFileType = sourcecode.swift; path = DiscoveryE2ETests.swift; sourceTree = "<group>"; };
		1D7705F837CE0206F184A116 /* MessageReceiptPayload.swift */ = {isa = PBXFileReference; lastKnownFileType = sourcecode.swift; path = MessageReceiptPayload.swift; sourceTree = "<group>"; };
		1DD1035C987434358B87AFCD /* DisabledFeatureUXTests.swift */ = {isa = PBXFileReference; lastKnownFileType = sourcecode.swift; path = DisabledFeatureUXTests.swift; sourceTree = "<group>"; };
		1E5ABCC55FDF18BE085B2AC3 /* ArchiveManager.swift */ = {isa = PBXFileReference; lastKnownFileType = sourcecode.swift; path = ArchiveManager.swift; sourceTree = "<group>"; };
		21815A246EC26999D8D31534 /* VoiceCallManager.swift */ = {isa = PBXFileReference; lastKnownFileType = sourcecode.swift; path = VoiceCallManager.swift; sourceTree = "<group>"; };
		246752F17DF326BC833C33C1 /* DeviceRecordStore.swift */ = {isa = PBXFileReference; lastKnownFileType = sourcecode.swift; path = DeviceRecordStore.swift; sourceTree = "<group>"; };
		2601334C35CC97A1F3CA9542 /* VoiceRecorder.swift */ = {isa = PBXFileReference; lastKnownFileType = sourcecode.swift; path = VoiceRecorder.swift; sourceTree = "<group>"; };
		2688CA0B5DF0712CDB7418FF /* TransferRecord.swift */ = {isa = PBXFileReference; lastKnownFileType = sourcecode.swift; path = TransferRecord.swift; sourceTree = "<group>"; };
		2AC40206FC32B2304A187E87 /* Data+Chunking.swift */ = {isa = PBXFileReference; lastKnownFileType = sourcecode.swift; path = "Data+Chunking.swift"; sourceTree = "<group>"; };
		2E188F98137CC86BA3F87F9E /* ConnectionTimeoutTests.swift */ = {isa = PBXFileReference; lastKnownFileType = sourcecode.swift; path = ConnectionTimeoutTests.swift; sourceTree = "<group>"; };
		2E76CE04F40C6495A70F9E11 /* BackupRecordListView.swift */ = {isa = PBXFileReference; lastKnownFileType = sourcecode.swift; path = BackupRecordListView.swift; sourceTree = "<group>"; };
		36E1878253B14C0D4CE9B21E /* NotificationManager.swift */ = {isa = PBXFileReference; lastKnownFileType = sourcecode.swift; path = NotificationManager.swift; sourceTree = "<group>"; };
		37D3096AC5F3A6FEA67284EC /* SDPSignaling.swift */ = {isa = PBXFileReference; lastKnownFileType = sourcecode.swift; path = SDPSignaling.swift; sourceTree = "<group>"; };
		38C2478F20C10D5FB383E756 /* TransferProgressView.swift */ = {isa = PBXFileReference; lastKnownFileType = sourcecode.swift; path = TransferProgressView.swift; sourceTree = "<group>"; };
		395F6F602CF93ADE6BAEE19D /* AppDelegate.swift */ = {isa = PBXFileReference; lastKnownFileType = sourcecode.swift; path = AppDelegate.swift; sourceTree = "<group>"; };
		3D03168691C8271ED0CCDFB8 /* ConnectionStatusHeaderView.swift */ = {isa = PBXFileReference; lastKnownFileType = sourcecode.swift; path = ConnectionStatusHeaderView.swift; sourceTree = "<group>"; };
		4140F87FED34F546E01E5EDC /* URL+Zip.swift */ = {isa = PBXFileReference; lastKnownFileType = sourcecode.swift; path = "URL+Zip.swift"; sourceTree = "<group>"; };
		41DCF1ACEEF25E8262FC1291 /* SettingsView.swift */ = {isa = PBXFileReference; lastKnownFileType = sourcecode.swift; path = SettingsView.swift; sourceTree = "<group>"; };
		420320526B18E15D11A63B4C /* GroupDetailView.swift */ = {isa = PBXFileReference; lastKnownFileType = sourcecode.swift; path = GroupDetailView.swift; sourceTree = "<group>"; };
		464E327397A28A5447B9E7D2 /* ClipboardShareView.swift */ = {isa = PBXFileReference; lastKnownFileType = sourcecode.swift; path = ClipboardShareView.swift; sourceTree = "<group>"; };
		46652C6101A4F1D53ACAAAF2 /* PeerMessageTests.swift */ = {isa = PBXFileReference; lastKnownFileType = sourcecode.swift; path = PeerMessageTests.swift; sourceTree = "<group>"; };
		46984ED073D1B5356FEAEF0A /* PerformanceE2ETests.swift */ = {isa = PBXFileReference; lastKnownFileType = sourcecode.swift; path = PerformanceE2ETests.swift; sourceTree = "<group>"; };
		48EEFD7B3BD8A478DB9668CA /* CrossDeviceFeatureTests.swift */ = {isa = PBXFileReference; lastKnownFileType = sourcecode.swift; path = CrossDeviceFeatureTests.swift; sourceTree = "<group>"; };
		4B52261C190C8AD9BEA9B35F /* ConnectionE2ETests.swift */ = {isa = PBXFileReference; lastKnownFileType = sourcecode.swift; path = ConnectionE2ETests.swift; sourceTree = "<group>"; };
		4DECB18745BF9BF19F554D57 /* VoicePlayer.swift */ = {isa = PBXFileReference; lastKnownFileType = sourcecode.swift; path = VoicePlayer.swift; sourceTree = "<group>"; };
		4E541AC353B141C1ABC8F38B /* StatusBadge.swift */ = {isa = PBXFileReference; lastKnownFileType = sourcecode.swift; path = StatusBadge.swift; sourceTree = "<group>"; };
		4EA9862E96770E9E7C4DC4E2 /* PeerConnectionState.swift */ = {isa = PBXFileReference; lastKnownFileType = sourcecode.swift; path = PeerConnectionState.swift; sourceTree = "<group>"; };
		4EF1CBD311D71DDF863068E4 /* ChatMessage.swift */ = {isa = PBXFileReference; lastKnownFileType = sourcecode.swift; path = ChatMessage.swift; sourceTree = "<group>"; };
		50393228F69F31F111E2B37B /* VoiceCallView.swift */ = {isa = PBXFileReference; lastKnownFileType = sourcecode.swift; path = VoiceCallView.swift; sourceTree = "<group>"; };
		505238DF5946BC1E6E39B70B /* NearbyTab.swift */ = {isa = PBXFileReference; lastKnownFileType = sourcecode.swift; path = NearbyTab.swift; sourceTree = "<group>"; };
		5109FA0E4C4ED974F8FDDFE5 /* ConsentFlowUITests.swift */ = {isa = PBXFileReference; lastKnownFileType = sourcecode.swift; path = ConsentFlowUITests.swift; sourceTree = "<group>"; };
		515ABAB80F2FAFFA147E539E /* NWConnection+Async.swift */ = {isa = PBXFileReference; lastKnownFileType = sourcecode.swift; path = "NWConnection+Async.swift"; sourceTree = "<group>"; };
		52E26A2A79E586A8C4C682EB /* ChatIntegrationTests.swift */ = {isa = PBXFileReference; lastKnownFileType = sourcecode.swift; path = ChatIntegrationTests.swift; sourceTree = "<group>"; };
		53C0C643F928C7A196A12C3C /* LoopbackIntegrationTests.swift */ = {isa = PBXFileReference; lastKnownFileType = sourcecode.swift; path = LoopbackIntegrationTests.swift; sourceTree = "<group>"; };
		5488BDB916346C1C0D52034F /* TLSConfiguration.swift */ = {isa = PBXFileReference; lastKnownFileType = sourcecode.swift; path = TLSConfiguration.swift; sourceTree = "<group>"; };
		54FE8864F1DAC5AE51A9F6F3 /* ChatManager.swift */ = {isa = PBXFileReference; lastKnownFileType = sourcecode.swift; path = ChatManager.swift; sourceTree = "<group>"; };
		5BE45F7EE204F6F3E38ACB4A /* ReconnectTests.swift */ = {isa = PBXFileReference; lastKnownFileType = sourcecode.swift; path = ReconnectTests.swift; sourceTree = "<group>"; };
		5ED89221EA62C36E1FA97B61 /* HashVerifier.swift */ = {isa = PBXFileReference; lastKnownFileType = sourcecode.swift; path = HashVerifier.swift; sourceTree = "<group>"; };
		5F2B53349AFF1B7FB87A830E /* TEST_SPEC.md */ = {isa = PBXFileReference; lastKnownFileType = net.daringfireball.markdown; path = TEST_SPEC.md; sourceTree = "<group>"; };
		613B66E2077223EA0560E336 /* E2EIntegrationTests.swift */ = {isa = PBXFileReference; lastKnownFileType = sourcecode.swift; path = E2EIntegrationTests.swift; sourceTree = "<group>"; };
		62BCE102DDD1DEE79E0737B4 /* StateMachineTests.swift */ = {isa = PBXFileReference; lastKnownFileType = sourcecode.swift; path = StateMachineTests.swift; sourceTree = "<group>"; };
		62E8D448DEC6736EA30703D2 /* CircuitBreakerTests.swift */ = {isa = PBXFileReference; lastKnownFileType = sourcecode.swift; path = CircuitBreakerTests.swift; sourceTree = "<group>"; };
		62EF3D4E1027C808D9C31741 /* PeerIdentity.swift */ = {isa = PBXFileReference; lastKnownFileType = sourcecode.swift; path = PeerIdentity.swift; sourceTree = "<group>"; };
		6333149EDC27AFE4F386D892 /* ContentView.swift */ = {isa = PBXFileReference; lastKnownFileType = sourcecode.swift; path = ContentView.swift; sourceTree = "<group>"; };
		673CA4547FC92F153E75739C /* WebRTCClient.swift */ = {isa = PBXFileReference; lastKnownFileType = sourcecode.swift; path = WebRTCClient.swift; sourceTree = "<group>"; };
		68F68921A1EFE5717EFF8690 /* PeerMessage.swift */ = {isa = PBXFileReference; lastKnownFileType = sourcecode.swift; path = PeerMessage.swift; sourceTree = "<group>"; };
		69468BFD13006A4427A306C6 /* MultiSimTestBase.swift */ = {isa = PBXFileReference; lastKnownFileType = sourcecode.swift; path = MultiSimTestBase.swift; sourceTree = "<group>"; };
		6A69B497E85725EA8A5E9C1D /* LaunchScreen.swift */ = {isa = PBXFileReference; lastKnownFileType = sourcecode.swift; path = LaunchScreen.swift; sourceTree = "<group>"; };
		712B1A451CA2B1DD0FF90462 /* HapticManagerTests.swift */ = {isa = PBXFileReference; lastKnownFileType = sourcecode.swift; path = HapticManagerTests.swift; sourceTree = "<group>"; };
		712CCBDE5A63978DD474D214 /* GroupChatView.swift */ = {isa = PBXFileReference; lastKnownFileType = sourcecode.swift; path = GroupChatView.swift; sourceTree = "<group>"; };
		715D93D38328F7F41A2BB8DB /* GroupEditorView.swift */ = {isa = PBXFileReference; lastKnownFileType = sourcecode.swift; path = GroupEditorView.swift; sourceTree = "<group>"; };
		73122425C58B15567D7F7F9D /* TCPTransport.swift */ = {isa = PBXFileReference; lastKnownFileType = sourcecode.swift; path = TCPTransport.swift; sourceTree = "<group>"; };
		767B8280E0C27142EE4729A5 /* DeviceGroupStore.swift */ = {isa = PBXFileReference; lastKnownFileType = sourcecode.swift; path = DeviceGroupStore.swift; sourceTree = "<group>"; };
		77C92E76445C07EBDC65FE04 /* TransportProtocol.swift */ = {isa = PBXFileReference; lastKnownFileType = sourcecode.swift; path = TransportProtocol.swift; sourceTree = "<group>"; };
		78D7C0916E3A7FFA6ED0CD4E /* PeerAvatar.swift */ = {isa = PBXFileReference; lastKnownFileType = sourcecode.swift; path = PeerAvatar.swift; sourceTree = "<group>"; };
		7EB2DE318C4EE011A85C7A5A /* ConnectedTab.swift */ = {isa = PBXFileReference; lastKnownFileType = sourcecode.swift; path = ConnectedTab.swift; sourceTree = "<group>"; };
		808A9F64C76046B0B42E2472 /* TypingIndicatorPayload.swift */ = {isa = PBXFileReference; lastKnownFileType = sourcecode.swift; path = TypingIndicatorPayload.swift; sourceTree = "<group>"; };
		8224792B71D1A4AEB8670080 /* ScreenshotTests.swift */ = {isa = PBXFileReference; lastKnownFileType = sourcecode.swift; path = ScreenshotTests.swift; sourceTree = "<group>"; };
		834914784D4C95CFABAA0C27 /* BonjourDiscovery.swift */ = {isa = PBXFileReference; lastKnownFileType = sourcecode.swift; path = BonjourDiscovery.swift; sourceTree = "<group>"; };
		845F9A45A26890E69A1A77D3 /* DeviceGroup.swift */ = {isa = PBXFileReference; lastKnownFileType = sourcecode.swift; path = DeviceGroup.swift; sourceTree = "<group>"; };
		84C0D4FA1E9B081F5960A5F5 /* SnapshotTests.swift */ = {isa = PBXFileReference; lastKnownFileType = sourcecode.swift; path = SnapshotTests.swift; sourceTree = "<group>"; };
		84D629FA007356EBA90D5F5A /* ConnectionState.swift */ = {isa = PBXFileReference; lastKnownFileType = sourcecode.swift; path = ConnectionState.swift; sourceTree = "<group>"; };
		8522C558C3B5DDC867FCE801 /* StatusToastView.swift */ = {isa = PBXFileReference; lastKnownFileType = sourcecode.swift; path = StatusToastView.swift; sourceTree = "<group>"; };
		883D84FF5E1F966F1CED7BC2 /* MockTransport.swift */ = {isa = PBXFileReference; lastKnownFileType = sourcecode.swift; path = MockTransport.swift; sourceTree = "<group>"; };
		8895CA9BCA992CBB0102A3C7 /* MessageFramerTests.swift */ = {isa = PBXFileReference; lastKnownFileType = sourcecode.swift; path = MessageFramerTests.swift; sourceTree = "<group>"; };
		8B26FB4E84C8AA044641DEE4 /* PeerConnection.swift */ = {isa = PBXFileReference; lastKnownFileType = sourcecode.swift; path = PeerConnection.swift; sourceTree = "<group>"; };
		8F2323104D4377FDEEF337CB /* TransferMetadataTests.swift */ = {isa = PBXFileReference; lastKnownFileType = sourcecode.swift; path = TransferMetadataTests.swift; sourceTree = "<group>"; };
		8F73F1E9902B840A6C0AE1F0 /* GroupRow.swift */ = {isa = PBXFileReference; lastKnownFileType = sourcecode.swift; path = GroupRow.swift; sourceTree = "<group>"; };
		9024CFE888C9CDAA47353A03 /* TimeoutReconnectTests.swift */ = {isa = PBXFileReference; lastKnownFileType = sourcecode.swift; path = TimeoutReconnectTests.swift; sourceTree = "<group>"; };
		90A9DA5F16B00839A9012834 /* FileTransferTests.swift */ = {isa = PBXFileReference; lastKnownFileType = sourcecode.swift; path = FileTransferTests.swift; sourceTree = "<group>"; };
		91A372C9EE0F8B252F4EA5C6 /* AssignGroupSheet.swift */ = {isa = PBXFileReference; lastKnownFileType = sourcecode.swift; path = AssignGroupSheet.swift; sourceTree = "<group>"; };
		9213B13A8B9B9DF21664EA58 /* PerformanceTests.swift */ = {isa = PBXFileReference; lastKnownFileType = sourcecode.swift; path = PerformanceTests.swift; sourceTree = "<group>"; };
		923FD5FA87FD257ADB28D0D2 /* ConsentSheet.swift */ = {isa = PBXFileReference; lastKnownFileType = sourcecode.swift; path = ConsentSheet.swift; sourceTree = "<group>"; };
		94BD192C79B059E535261B80 /* MessageReceiptTests.swift */ = {isa = PBXFileReference; lastKnownFileType = sourcecode.swift; path = MessageReceiptTests.swift; sourceTree = "<group>"; };
		9FEB4731FDC3D68845A758F3 /* SnapshotHelper.swift */ = {isa = PBXFileReference; lastKnownFileType = sourcecode.swift; path = SnapshotHelper.swift; sourceTree = "<group>"; };
		A4DA8BF1A5C5506A039A44DE /* MediaPreviewView.swift */ = {isa = PBXFileReference; lastKnownFileType = sourcecode.swift; path = MediaPreviewView.swift; sourceTree = "<group>"; };
		A57B9658D84C80BE6C2DD854 /* HashVerifierTests.swift */ = {isa = PBXFileReference; lastKnownFileType = sourcecode.swift; path = HashVerifierTests.swift; sourceTree = "<group>"; };
		A7E45AC7B93E04597FEC2593 /* PeerDropUITests.xctest */ = {isa = PBXFileReference; includeInIndex = 0; lastKnownFileType = wrapper.cfbundle; path = PeerDropUITests.xctest; sourceTree = BUILT_PRODUCTS_DIR; };
		A8034F4F86233093A4E36905 /* FilePickerView.swift */ = {isa = PBXFileReference; lastKnownFileType = sourcecode.swift; path = FilePickerView.swift; sourceTree = "<group>"; };
		A979FF3DD437916760AAC312 /* DiscoveryView.swift */ = {isa = PBXFileReference; lastKnownFileType = sourcecode.swift; path = DiscoveryView.swift; sourceTree = "<group>"; };
		AD1B2B945FCDC84E81364EED /* FileTransferSession.swift */ = {isa = PBXFileReference; lastKnownFileType = sourcecode.swift; path = FileTransferSession.swift; sourceTree = "<group>"; };
		AFC7F344C93ACB56C79EE3AE /* DocumentPickerView.swift */ = {isa = PBXFileReference; lastKnownFileType = sourcecode.swift; path = DocumentPickerView.swift; sourceTree = "<group>"; };
		B07C0E24C95366B78FAFC44E /* CertificateManagerTests.swift */ = {isa = PBXFileReference; lastKnownFileType = sourcecode.swift; path = CertificateManagerTests.swift; sourceTree = "<group>"; };
		B198ADBAA38DB5D0B76D37A4 /* FeatureVerificationTests.swift */ = {isa = PBXFileReference; lastKnownFileType = sourcecode.swift; path = FeatureVerificationTests.swift; sourceTree = "<group>"; };
		B4BE9C8291174DB9D2A8627E /* MediaMessageTests.swift */ = {isa = PBXFileReference; lastKnownFileType = sourcecode.swift; path = MediaMessageTests.swift; sourceTree = "<group>"; };
		B67AD588AE5B03D2A0DE399F /* DiscoveryServiceTests.swift */ = {isa = PBXFileReference; lastKnownFileType = sourcecode.swift; path = DiscoveryServiceTests.swift; sourceTree = "<group>"; };
		B6E1809532A651DA46008F31 /* PeerGridItemView.swift */ = {isa = PBXFileReference; lastKnownFileType = sourcecode.swift; path = PeerGridItemView.swift; sourceTree = "<group>"; };
		B6F5C32BB0A6648236791F0B /* ProtocolVersion.swift */ = {isa = PBXFileReference; lastKnownFileType = sourcecode.swift; path = ProtocolVersion.swift; sourceTree = "<group>"; };
		B9B620D00284A700C480C5E5 /* ConnectionManager.swift */ = {isa = PBXFileReference; lastKnownFileType = sourcecode.swift; path = ConnectionManager.swift; sourceTree = "<group>"; };
		BA137F066528B6AB98E71424 /* ReactionPickerView.swift */ = {isa = PBXFileReference; lastKnownFileType = sourcecode.swift; path = ReactionPickerView.swift; sourceTree = "<group>"; };
		BB785F2E159A543F61378FB2 /* AcceptConnectionHelper.swift */ = {isa = PBXFileReference; lastKnownFileType = sourcecode.swift; path = AcceptConnectionHelper.swift; sourceTree = "<group>"; };
		BF403F57E4AFEF57037755B2 /* TransferMetadata.swift */ = {isa = PBXFileReference; lastKnownFileType = sourcecode.swift; path = TransferMetadata.swift; sourceTree = "<group>"; };
		BF554150AAF6288377FCA57C /* UserProfile.swift */ = {isa = PBXFileReference; lastKnownFileType = sourcecode.swift; path = UserProfile.swift; sourceTree = "<group>"; };
		C292EE90B82150846F8F75E6 /* MessageType.swift */ = {isa = PBXFileReference; lastKnownFileType = sourcecode.swift; path = MessageType.swift; sourceTree = "<group>"; };
		C3B151AA8B81196D0B94DFC8 /* MessageFramer.swift */ = {isa = PBXFileReference; lastKnownFileType = sourcecode.swift; path = MessageFramer.swift; sourceTree = "<group>"; };
		C4148097F734513B29899E4A /* ChatView.swift */ = {isa = PBXFileReference; lastKnownFileType = sourcecode.swift; path = ChatView.swift; sourceTree = "<group>"; };
		C6D663FC8702DFAD7B533905 /* DeviceRecordStoreTests.swift */ = {isa = PBXFileReference; lastKnownFileType = sourcecode.swift; path = DeviceRecordStoreTests.swift; sourceTree = "<group>"; };
		C8D5D787B4A7EA3EBCFA8015 /* ScreenshotModeProvider.swift */ = {isa = PBXFileReference; lastKnownFileType = sourcecode.swift; path = ScreenshotModeProvider.swift; sourceTree = "<group>"; };
		CAB4749E439D0C347B4008E3 /* PeerDropApp.swift */ = {isa = PBXFileReference; lastKnownFileType = sourcecode.swift; path = PeerDropApp.swift; sourceTree = "<group>"; };
		CAED5F8373D498D847E54328 /* ChatBubbleView.swift */ = {isa = PBXFileReference; lastKnownFileType = sourcecode.swift; path = ChatBubbleView.swift; sourceTree = "<group>"; };
		CB53741EB7C892846AE2EB56 /* DeviceRecordRow.swift */ = {isa = PBXFileReference; lastKnownFileType = sourcecode.swift; path = DeviceRecordRow.swift; sourceTree = "<group>"; };
		CFB523BDF87B8FE3276D9B4F /* TypingIndicatorTests.swift */ = {isa = PBXFileReference; lastKnownFileType = sourcecode.swift; path = TypingIndicatorTests.swift; sourceTree = "<group>"; };
		D10480B57B5AB5F6CD342177 /* MessageReplyTests.swift */ = {isa = PBXFileReference; lastKnownFileType = sourcecode.swift; path = MessageReplyTests.swift; sourceTree = "<group>"; };
		D2960B43A95AAF464A94524C /* FileTransferIntegrationTests.swift */ = {isa = PBXFileReference; lastKnownFileType = sourcecode.swift; path = FileTransferIntegrationTests.swift; sourceTree = "<group>"; };
		D2DCFBCFE70135D56BBFBD9E /* HapticManager.swift */ = {isa = PBXFileReference; lastKnownFileType = sourcecode.swift; path = HapticManager.swift; sourceTree = "<group>"; };
		D2E36DB065AE031DED58C276 /* TimeoutConsentTests.swift */ = {isa = PBXFileReference; lastKnownFileType = sourcecode.swift; path = TimeoutConsentTests.swift; sourceTree = "<group>"; };
		D429FE1BFE72E640119F3568 /* ChatDataEncryptor.swift */ = {isa = PBXFileReference; lastKnownFileType = sourcecode.swift; path = ChatDataEncryptor.swift; sourceTree = "<group>"; };
		D4D28254D09D4993B28316CD /* FileTransfer.swift */ = {isa = PBXFileReference; lastKnownFileType = sourcecode.swift; path = FileTransfer.swift; sourceTree = "<group>"; };
		D513DA2C80E63FB9BB413B42 /* CallKitManager.swift */ = {isa = PBXFileReference; lastKnownFileType = sourcecode.swift; path = CallKitManager.swift; sourceTree = "<group>"; };
		D9D4B08876FBC62C951D3E1F /* Info.plist */ = {isa = PBXFileReference; lastKnownFileType = text.plist; path = Info.plist; sourceTree = "<group>"; };
		D9DC79A8D29D6B05BC7B689B /* TwoDeviceTests.swift */ = {isa = PBXFileReference; lastKnownFileType = sourcecode.swift; path = TwoDeviceTests.swift; sourceTree = "<group>"; };
		DAB5476BBC66A9EA04119567 /* ChatManagerGroupTests.swift */ = {isa = PBXFileReference; lastKnownFileType = sourcecode.swift; path = ChatManagerGroupTests.swift; sourceTree = "<group>"; };
		DC117A4A467AED1322168E15 /* FileTransferE2ETests.swift */ = {isa = PBXFileReference; lastKnownFileType = sourcecode.swift; path = FileTransferE2ETests.swift; sourceTree = "<group>"; };
		DC809F7D677B913F3AF50137 /* ComprehensiveVerificationTests.swift */ = {isa = PBXFileReference; lastKnownFileType = sourcecode.swift; path = ComprehensiveVerificationTests.swift; sourceTree = "<group>"; };
		DD96D87B37D77C5FDA71EAE6 /* GroupReadReceiptView.swift */ = {isa = PBXFileReference; lastKnownFileType = sourcecode.swift; path = GroupReadReceiptView.swift; sourceTree = "<group>"; };
		E6A958BCBDDF82ED395CFE24 /* ConnectionView.swift */ = {isa = PBXFileReference; lastKnownFileType = sourcecode.swift; path = ConnectionView.swift; sourceTree = "<group>"; };
		E7309341D4AA4F781C7B7A59 /* ChatSearchView.swift */ = {isa = PBXFileReference; lastKnownFileType = sourcecode.swift; path = ChatSearchView.swift; sourceTree = "<group>"; };
		E8F4A49D91838BC9DB3C3054 /* UserProfileView.swift */ = {isa = PBXFileReference; lastKnownFileType = sourcecode.swift; path = UserProfileView.swift; sourceTree = "<group>"; };
		EA32370BB5417DCFA96EBEEB /* E2ETestSuites.swift */ = {isa = PBXFileReference; lastKnownFileType = sourcecode.swift; path = E2ETestSuites.swift; sourceTree = "<group>"; };
		ED3F8AF2B19CC3C425A05946 /* ChatE2ETests.swift */ = {isa = PBXFileReference; lastKnownFileType = sourcecode.swift; path = ChatE2ETests.swift; sourceTree = "<group>"; };
		ED5A1838BC61752B0CC5210B /* TextMessagePayload.swift */ = {isa = PBXFileReference; lastKnownFileType = sourcecode.swift; path = TextMessagePayload.swift; sourceTree = "<group>"; };
		ED61426A4AA5BA587AA09CE9 /* DeviceRecord.swift */ = {isa = PBXFileReference; lastKnownFileType = sourcecode.swift; path = DeviceRecord.swift; sourceTree = "<group>"; };
		EE5B643A84D7A2E047AA8855 /* FullFeatureVerificationTests.swift */ = {isa = PBXFileReference; lastKnownFileType = sourcecode.swift; path = FullFeatureVerificationTests.swift; sourceTree = "<group>"; };
		F0CD101AC57C1B89B5BCEF8B /* PeerDrop.app */ = {isa = PBXFileReference; includeInIndex = 0; lastKnownFileType = wrapper.application; path = PeerDrop.app; sourceTree = BUILT_PRODUCTS_DIR; };
		F1547C59857B7BD88CF8516D /* Assets.xcassets */ = {isa = PBXFileReference; lastKnownFileType = folder.assetcatalog; path = Assets.xcassets; sourceTree = "<group>"; };
		F5D979E35021B42ECC2F105F /* TailscalePeer.swift */ = {isa = PBXFileReference; lastKnownFileType = sourcecode.swift; path = TailscalePeer.swift; sourceTree = "<group>"; };
		F60F92B4EC5901ADDE61782D /* VoiceCallSession.swift */ = {isa = PBXFileReference; lastKnownFileType = sourcecode.swift; path = VoiceCallSession.swift; sourceTree = "<group>"; };
		F90A00FA64ADA77E29D17065 /* MediaMessagePayload.swift */ = {isa = PBXFileReference; lastKnownFileType = sourcecode.swift; path = MediaMessagePayload.swift; sourceTree = "<group>"; };
		FB09411CC81953144963CB18 /* PeerRowView.swift */ = {isa = PBXFileReference; lastKnownFileType = sourcecode.swift; path = PeerRowView.swift; sourceTree = "<group>"; };
		FC682C14084D950A4869B2CE /* TransferHistoryView.swift */ = {isa = PBXFileReference; lastKnownFileType = sourcecode.swift; path = TransferHistoryView.swift; sourceTree = "<group>"; };
		FC8A396B6D7C4DEEDE10191A /* ManualConnectView.swift */ = {isa = PBXFileReference; lastKnownFileType = sourcecode.swift; path = ManualConnectView.swift; sourceTree = "<group>"; };
		FF26DD75E9420CA07E5B83FB /* CameraPickerView.swift */ = {isa = PBXFileReference; lastKnownFileType = sourcecode.swift; path = CameraPickerView.swift; sourceTree = "<group>"; };
/* End PBXFileReference section */

/* Begin PBXFrameworksBuildPhase section */
		D1A099F337100A5A1FBCA211 /* Frameworks */ = {
			isa = PBXFrameworksBuildPhase;
			buildActionMask = 2147483647;
			files = (
				F422276653E0728E859B9BC9 /* WebRTC in Frameworks */,
			);
			runOnlyForDeploymentPostprocessing = 0;
		};
/* End PBXFrameworksBuildPhase section */

/* Begin PBXGroup section */
		013E4227A0A5D1D75404C655 = {
			isa = PBXGroup;
			children = (
				55E7323601F0EA90C2773FDC /* PeerDrop */,
				38FF6B6A4F1A48F8529B0F2F /* PeerDropTests */,
				8D255639E6CD70E3B1F87B26 /* PeerDropUITests */,
				B852FD7C848E2615AF9BF284 /* Products */,
			);
			sourceTree = "<group>";
		};
		064824BD5CF2C9050CC2DA84 /* Voice */ = {
			isa = PBXGroup;
			children = (
				D513DA2C80E63FB9BB413B42 /* CallKitManager.swift */,
				37D3096AC5F3A6FEA67284EC /* SDPSignaling.swift */,
				21815A246EC26999D8D31534 /* VoiceCallManager.swift */,
				F60F92B4EC5901ADDE61782D /* VoiceCallSession.swift */,
				4DECB18745BF9BF19F554D57 /* VoicePlayer.swift */,
				2601334C35CC97A1F3CA9542 /* VoiceRecorder.swift */,
				673CA4547FC92F153E75739C /* WebRTCClient.swift */,
			);
			path = Voice;
			sourceTree = "<group>";
		};
		09E6FC83AD4F717CFBFAF933 /* Library */ = {
			isa = PBXGroup;
			children = (
				91A372C9EE0F8B252F4EA5C6 /* AssignGroupSheet.swift */,
				CB53741EB7C892846AE2EB56 /* DeviceRecordRow.swift */,
				420320526B18E15D11A63B4C /* GroupDetailView.swift */,
				715D93D38328F7F41A2BB8DB /* GroupEditorView.swift */,
				8F73F1E9902B840A6C0AE1F0 /* GroupRow.swift */,
				01CBB2ECC4DE15E9E2DC0E12 /* LibraryTab.swift */,
			);
			path = Library;
			sourceTree = "<group>";
		};
		15DD6F727B147CC074C15AA6 /* Snapshots */ = {
			isa = PBXGroup;
			children = (
				84C0D4FA1E9B081F5960A5F5 /* SnapshotTests.swift */,
			);
			path = Snapshots;
			sourceTree = "<group>";
		};
		1CA06EF41717621E8FFA387D /* Protocol */ = {
			isa = PBXGroup;
			children = (
				F90A00FA64ADA77E29D17065 /* MediaMessagePayload.swift */,
				1D7705F837CE0206F184A116 /* MessageReceiptPayload.swift */,
				C292EE90B82150846F8F75E6 /* MessageType.swift */,
				68F68921A1EFE5717EFF8690 /* PeerMessage.swift */,
				B6F5C32BB0A6648236791F0B /* ProtocolVersion.swift */,
				164E30461F67A2E80FD9DA0A /* ReactionPayload.swift */,
				ED5A1838BC61752B0CC5210B /* TextMessagePayload.swift */,
				808A9F64C76046B0B42E2472 /* TypingIndicatorPayload.swift */,
			);
			path = Protocol;
			sourceTree = "<group>";
		};
		38FF6B6A4F1A48F8529B0F2F /* PeerDropTests */ = {
			isa = PBXGroup;
			children = (
				B07C0E24C95366B78FAFC44E /* CertificateManagerTests.swift */,
				52E26A2A79E586A8C4C682EB /* ChatIntegrationTests.swift */,
				DAB5476BBC66A9EA04119567 /* ChatManagerGroupTests.swift */,
				62E8D448DEC6736EA30703D2 /* CircuitBreakerTests.swift */,
				0348BF900E45022E5C6F3268 /* ConnectionManagerTests.swift */,
				2E188F98137CC86BA3F87F9E /* ConnectionTimeoutTests.swift */,
				C6D663FC8702DFAD7B533905 /* DeviceRecordStoreTests.swift */,
				B67AD588AE5B03D2A0DE399F /* DiscoveryServiceTests.swift */,
				0694CAF31BEAB2BA98E99ECB /* EdgeCaseTests.swift */,
				D2960B43A95AAF464A94524C /* FileTransferIntegrationTests.swift */,
				90A9DA5F16B00839A9012834 /* FileTransferTests.swift */,
				712B1A451CA2B1DD0FF90462 /* HapticManagerTests.swift */,
				A57B9658D84C80BE6C2DD854 /* HashVerifierTests.swift */,
				53C0C643F928C7A196A12C3C /* LoopbackIntegrationTests.swift */,
				B4BE9C8291174DB9D2A8627E /* MediaMessageTests.swift */,
				8895CA9BCA992CBB0102A3C7 /* MessageFramerTests.swift */,
				94BD192C79B059E535261B80 /* MessageReceiptTests.swift */,
				D10480B57B5AB5F6CD342177 /* MessageReplyTests.swift */,
				46652C6101A4F1D53ACAAAF2 /* PeerMessageTests.swift */,
				9213B13A8B9B9DF21664EA58 /* PerformanceTests.swift */,
				5BE45F7EE204F6F3E38ACB4A /* ReconnectTests.swift */,
				0D66F32C1146402F70397940 /* RetryPolicyTests.swift */,
				62BCE102DDD1DEE79E0737B4 /* StateMachineTests.swift */,
				8F2323104D4377FDEEF337CB /* TransferMetadataTests.swift */,
				CFB523BDF87B8FE3276D9B4F /* TypingIndicatorTests.swift */,
				A66FD4290A348E85E7D37D0F /* Mocks */,
			);
			path = PeerDropTests;
			sourceTree = "<group>";
		};
		55E7323601F0EA90C2773FDC /* PeerDrop */ = {
			isa = PBXGroup;
			children = (
				8DA12F4BD84134F6E5093D55 /* App */,
				EAB42E3CEAFF4757E0BE2F50 /* Core */,
				7987B664786336C54930C91D /* Discovery */,
				EE90AC247CF9EF1486B5CAD0 /* Extensions */,
				1CA06EF41717621E8FFA387D /* Protocol */,
				BA213164A62E9FAD2ECC8336 /* Security */,
				647C5D035A2DE94FCA21D357 /* Transport */,
				6BEDEDA3BDAB0A9589800AD6 /* UI */,
				064824BD5CF2C9050CC2DA84 /* Voice */,
			);
			path = PeerDrop;
			sourceTree = "<group>";
		};
		62B141FB933FBF791D8759AB /* Components */ = {
			isa = PBXGroup;
			children = (
				3D03168691C8271ED0CCDFB8 /* ConnectionStatusHeaderView.swift */,
				12AF7D70A40A90533BFB6169 /* PeerActionSheet.swift */,
				78D7C0916E3A7FFA6ED0CD4E /* PeerAvatar.swift */,
				B6E1809532A651DA46008F31 /* PeerGridItemView.swift */,
				4E541AC353B141C1ABC8F38B /* StatusBadge.swift */,
				8522C558C3B5DDC867FCE801 /* StatusToastView.swift */,
				0F97E28AE05420CF10F681A8 /* ToastView.swift */,
			);
			path = Components;
			sourceTree = "<group>";
		};
		62FB26D62C14854B8052057B /* Voice */ = {
			isa = PBXGroup;
			children = (
				50393228F69F31F111E2B37B /* VoiceCallView.swift */,
			);
			path = Voice;
			sourceTree = "<group>";
		};
		647C5D035A2DE94FCA21D357 /* Transport */ = {
			isa = PBXGroup;
			children = (
				D4D28254D09D4993B28316CD /* FileTransfer.swift */,
				AD1B2B945FCDC84E81364EED /* FileTransferSession.swift */,
				C3B151AA8B81196D0B94DFC8 /* MessageFramer.swift */,
				73122425C58B15567D7F7F9D /* TCPTransport.swift */,
				BF403F57E4AFEF57037755B2 /* TransferMetadata.swift */,
				2688CA0B5DF0712CDB7418FF /* TransferRecord.swift */,
				77C92E76445C07EBDC65FE04 /* TransportProtocol.swift */,
			);
			path = Transport;
			sourceTree = "<group>";
		};
		6BEDEDA3BDAB0A9589800AD6 /* UI */ = {
			isa = PBXGroup;
			children = (
				6333149EDC27AFE4F386D892 /* ContentView.swift */,
				6A69B497E85725EA8A5E9C1D /* LaunchScreen.swift */,
				41DCF1ACEEF25E8262FC1291 /* SettingsView.swift */,
				976B25F87F6BFE1AE22918AF /* Chat */,
				62B141FB933FBF791D8759AB /* Components */,
				F56F45F22B8B559848A80502 /* Connection */,
				9E38D04C95D6ED7C23584D56 /* Discovery */,
				09E6FC83AD4F717CFBFAF933 /* Library */,
				A29F6E76ECC1DF4E1D976EFA /* Settings */,
				DF45C77A513EB8AC88DBFA61 /* Transfer */,
				62FB26D62C14854B8052057B /* Voice */,
			);
			path = UI;
			sourceTree = "<group>";
		};
		7987B664786336C54930C91D /* Discovery */ = {
			isa = PBXGroup;
			children = (
				834914784D4C95CFABAA0C27 /* BonjourDiscovery.swift */,
				0CB9C675EFD739621740F9F9 /* DiscoveryService.swift */,
				F5D979E35021B42ECC2F105F /* TailscalePeer.swift */,
			);
			path = Discovery;
			sourceTree = "<group>";
		};
		8D255639E6CD70E3B1F87B26 /* PeerDropUITests */ = {
			isa = PBXGroup;
			children = (
				BB785F2E159A543F61378FB2 /* AcceptConnectionHelper.swift */,
				DC809F7D677B913F3AF50137 /* ComprehensiveVerificationTests.swift */,
				5109FA0E4C4ED974F8FDDFE5 /* ConsentFlowUITests.swift */,
				48EEFD7B3BD8A478DB9668CA /* CrossDeviceFeatureTests.swift */,
				1DD1035C987434358B87AFCD /* DisabledFeatureUXTests.swift */,
				613B66E2077223EA0560E336 /* E2EIntegrationTests.swift */,
				B198ADBAA38DB5D0B76D37A4 /* FeatureVerificationTests.swift */,
				EE5B643A84D7A2E047AA8855 /* FullFeatureVerificationTests.swift */,
				8224792B71D1A4AEB8670080 /* ScreenshotTests.swift */,
				9FEB4731FDC3D68845A758F3 /* SnapshotHelper.swift */,
				5F2B53349AFF1B7FB87A830E /* TEST_SPEC.md */,
				D2E36DB065AE031DED58C276 /* TimeoutConsentTests.swift */,
				9024CFE888C9CDAA47353A03 /* TimeoutReconnectTests.swift */,
				D9DC79A8D29D6B05BC7B689B /* TwoDeviceTests.swift */,
				DCE44AA1F1BC4658E2745FC1 /* E2E */,
				15DD6F727B147CC074C15AA6 /* Snapshots */,
			);
			path = PeerDropUITests;
			sourceTree = "<group>";
		};
		8DA12F4BD84134F6E5093D55 /* App */ = {
			isa = PBXGroup;
			children = (
				395F6F602CF93ADE6BAEE19D /* AppDelegate.swift */,
				F1547C59857B7BD88CF8516D /* Assets.xcassets */,
				D9D4B08876FBC62C951D3E1F /* Info.plist */,
				CAB4749E439D0C347B4008E3 /* PeerDropApp.swift */,
			);
			path = App;
			sourceTree = "<group>";
		};
		976B25F87F6BFE1AE22918AF /* Chat */ = {
			isa = PBXGroup;
			children = (
				FF26DD75E9420CA07E5B83FB /* CameraPickerView.swift */,
				CAED5F8373D498D847E54328 /* ChatBubbleView.swift */,
				E7309341D4AA4F781C7B7A59 /* ChatSearchView.swift */,
				C4148097F734513B29899E4A /* ChatView.swift */,
				712CCBDE5A63978DD474D214 /* GroupChatView.swift */,
				DD96D87B37D77C5FDA71EAE6 /* GroupReadReceiptView.swift */,
				A4DA8BF1A5C5506A039A44DE /* MediaPreviewView.swift */,
				BA137F066528B6AB98E71424 /* ReactionPickerView.swift */,
				09172CEE390C95A62A857CDD /* TypingIndicatorView.swift */,
			);
			path = Chat;
			sourceTree = "<group>";
		};
		9E38D04C95D6ED7C23584D56 /* Discovery */ = {
			isa = PBXGroup;
			children = (
				A979FF3DD437916760AAC312 /* DiscoveryView.swift */,
				505238DF5946BC1E6E39B70B /* NearbyTab.swift */,
				FB09411CC81953144963CB18 /* PeerRowView.swift */,
			);
			path = Discovery;
			sourceTree = "<group>";
		};
		A29F6E76ECC1DF4E1D976EFA /* Settings */ = {
			isa = PBXGroup;
			children = (
				2E76CE04F40C6495A70F9E11 /* BackupRecordListView.swift */,
				AFC7F344C93ACB56C79EE3AE /* DocumentPickerView.swift */,
				E8F4A49D91838BC9DB3C3054 /* UserProfileView.swift */,
			);
			path = Settings;
			sourceTree = "<group>";
		};
		A66FD4290A348E85E7D37D0F /* Mocks */ = {
			isa = PBXGroup;
			children = (
				0FBCA04FC49FA5A58F002662 /* MockDiscovery.swift */,
				883D84FF5E1F966F1CED7BC2 /* MockTransport.swift */,
			);
			path = Mocks;
			sourceTree = "<group>";
		};
		B852FD7C848E2615AF9BF284 /* Products */ = {
			isa = PBXGroup;
			children = (
				F0CD101AC57C1B89B5BCEF8B /* PeerDrop.app */,
				107432E165DB757DDBC416BC /* PeerDropTests.xctest */,
				A7E45AC7B93E04597FEC2593 /* PeerDropUITests.xctest */,
			);
			name = Products;
			sourceTree = "<group>";
		};
		BA213164A62E9FAD2ECC8336 /* Security */ = {
			isa = PBXGroup;
			children = (
				1AB3DE12412A72AA37C495B3 /* CertificateManager.swift */,
				D429FE1BFE72E640119F3568 /* ChatDataEncryptor.swift */,
				5ED89221EA62C36E1FA97B61 /* HashVerifier.swift */,
				5488BDB916346C1C0D52034F /* TLSConfiguration.swift */,
			);
			path = Security;
			sourceTree = "<group>";
		};
		DCE44AA1F1BC4658E2745FC1 /* E2E */ = {
			isa = PBXGroup;
			children = (
				ED3F8AF2B19CC3C425A05946 /* ChatE2ETests.swift */,
				4B52261C190C8AD9BEA9B35F /* ConnectionE2ETests.swift */,
				1D0644790BDA63B2309997A1 /* DiscoveryE2ETests.swift */,
				EA32370BB5417DCFA96EBEEB /* E2ETestSuites.swift */,
				DC117A4A467AED1322168E15 /* FileTransferE2ETests.swift */,
				69468BFD13006A4427A306C6 /* MultiSimTestBase.swift */,
				46984ED073D1B5356FEAEF0A /* PerformanceE2ETests.swift */,
			);
			path = E2E;
			sourceTree = "<group>";
		};
		DF45C77A513EB8AC88DBFA61 /* Transfer */ = {
			isa = PBXGroup;
			children = (
				464E327397A28A5447B9E7D2 /* ClipboardShareView.swift */,
				A8034F4F86233093A4E36905 /* FilePickerView.swift */,
				FC682C14084D950A4869B2CE /* TransferHistoryView.swift */,
				38C2478F20C10D5FB383E756 /* TransferProgressView.swift */,
			);
			path = Transfer;
			sourceTree = "<group>";
		};
		EAB42E3CEAFF4757E0BE2F50 /* Core */ = {
			isa = PBXGroup;
			children = (
				1E5ABCC55FDF18BE085B2AC3 /* ArchiveManager.swift */,
				54FE8864F1DAC5AE51A9F6F3 /* ChatManager.swift */,
				4EF1CBD311D71DDF863068E4 /* ChatMessage.swift */,
				B9B620D00284A700C480C5E5 /* ConnectionManager.swift */,
				84D629FA007356EBA90D5F5A /* ConnectionState.swift */,
				845F9A45A26890E69A1A77D3 /* DeviceGroup.swift */,
				767B8280E0C27142EE4729A5 /* DeviceGroupStore.swift */,
				ED61426A4AA5BA587AA09CE9 /* DeviceRecord.swift */,
				246752F17DF326BC833C33C1 /* DeviceRecordStore.swift */,
				17AAAEF08C9D347971BD3E47 /* FeatureSettings.swift */,
				D2DCFBCFE70135D56BBFBD9E /* HapticManager.swift */,
				36E1878253B14C0D4CE9B21E /* NotificationManager.swift */,
				8B26FB4E84C8AA044641DEE4 /* PeerConnection.swift */,
				4EA9862E96770E9E7C4DC4E2 /* PeerConnectionState.swift */,
				62EF3D4E1027C808D9C31741 /* PeerIdentity.swift */,
				C8D5D787B4A7EA3EBCFA8015 /* ScreenshotModeProvider.swift */,
				BF554150AAF6288377FCA57C /* UserProfile.swift */,
			);
			path = Core;
			sourceTree = "<group>";
		};
		EE90AC247CF9EF1486B5CAD0 /* Extensions */ = {
			isa = PBXGroup;
			children = (
				2AC40206FC32B2304A187E87 /* Data+Chunking.swift */,
				515ABAB80F2FAFFA147E539E /* NWConnection+Async.swift */,
				4140F87FED34F546E01E5EDC /* URL+Zip.swift */,
			);
			path = Extensions;
			sourceTree = "<group>";
		};
		F56F45F22B8B559848A80502 /* Connection */ = {
			isa = PBXGroup;
			children = (
				7EB2DE318C4EE011A85C7A5A /* ConnectedTab.swift */,
				E6A958BCBDDF82ED395CFE24 /* ConnectionView.swift */,
				923FD5FA87FD257ADB28D0D2 /* ConsentSheet.swift */,
				0D98B7E882918091D8A90224 /* DisconnectSheet.swift */,
				FC8A396B6D7C4DEEDE10191A /* ManualConnectView.swift */,
			);
			path = Connection;
			sourceTree = "<group>";
		};
/* End PBXGroup section */

/* Begin PBXNativeTarget section */
		0A0CD5FF6A828E9185B2315B /* PeerDrop */ = {
			isa = PBXNativeTarget;
			buildConfigurationList = A6D2CBF0BC213CE52AB59EB6 /* Build configuration list for PBXNativeTarget "PeerDrop" */;
			buildPhases = (
				BFDCA49D51CD11CE894181B9 /* Sources */,
				E78A165535EFA9DA51657305 /* Resources */,
				D1A099F337100A5A1FBCA211 /* Frameworks */,
			);
			buildRules = (
			);
			dependencies = (
			);
			name = PeerDrop;
			packageProductDependencies = (
				4C17EA9E6BE4797FC20EBBBC /* WebRTC */,
			);
			productName = PeerDrop;
			productReference = F0CD101AC57C1B89B5BCEF8B /* PeerDrop.app */;
			productType = "com.apple.product-type.application";
		};
		17F1F675B19F95104979A7B9 /* PeerDropUITests */ = {
			isa = PBXNativeTarget;
			buildConfigurationList = FFDC5675EFAEBD6C12B09175 /* Build configuration list for PBXNativeTarget "PeerDropUITests" */;
			buildPhases = (
				65F30F597E3FDBC4923F1545 /* Sources */,
				6DF126D226BDEF65D22EB7A0 /* Resources */,
			);
			buildRules = (
			);
			dependencies = (
				D65D4E0692A0741B608566D4 /* PBXTargetDependency */,
			);
			name = PeerDropUITests;
			packageProductDependencies = (
			);
			productName = PeerDropUITests;
			productReference = A7E45AC7B93E04597FEC2593 /* PeerDropUITests.xctest */;
			productType = "com.apple.product-type.bundle.ui-testing";
		};
		7BAE530F5224EBE36DDA1247 /* PeerDropTests */ = {
			isa = PBXNativeTarget;
			buildConfigurationList = 32BCE88FB37DC4C57F8AEFA6 /* Build configuration list for PBXNativeTarget "PeerDropTests" */;
			buildPhases = (
				929B92F444E58B352DEA1B85 /* Sources */,
			);
			buildRules = (
			);
			dependencies = (
				3A3E2E23549391CAB4F492BC /* PBXTargetDependency */,
			);
			name = PeerDropTests;
			packageProductDependencies = (
			);
			productName = PeerDropTests;
			productReference = 107432E165DB757DDBC416BC /* PeerDropTests.xctest */;
			productType = "com.apple.product-type.bundle.unit-test";
		};
/* End PBXNativeTarget section */

/* Begin PBXProject section */
		68DA42402509F8E5D3003CEA /* Project object */ = {
			isa = PBXProject;
			attributes = {
				BuildIndependentTargetsInParallel = YES;
				LastUpgradeCheck = 1500;
				TargetAttributes = {
					17F1F675B19F95104979A7B9 = {
						TestTargetID = 0A0CD5FF6A828E9185B2315B;
					};
				};
			};
			buildConfigurationList = 5C30CACFA082BB7B05A984AA /* Build configuration list for PBXProject "PeerDrop" */;
			compatibilityVersion = "Xcode 14.0";
			developmentRegion = en;
			hasScannedForEncodings = 0;
			knownRegions = (
				Base,
				en,
			);
			mainGroup = 013E4227A0A5D1D75404C655;
			minimizedProjectReferenceProxies = 1;
			packageReferences = (
				6EA1BFE870A0982DBA285C67 /* XCRemoteSwiftPackageReference "WebRTC" */,
			);
			preferredProjectObjectVersion = 77;
			projectDirPath = "";
			projectRoot = "";
			targets = (
				0A0CD5FF6A828E9185B2315B /* PeerDrop */,
				7BAE530F5224EBE36DDA1247 /* PeerDropTests */,
				17F1F675B19F95104979A7B9 /* PeerDropUITests */,
			);
		};
/* End PBXProject section */

/* Begin PBXResourcesBuildPhase section */
		6DF126D226BDEF65D22EB7A0 /* Resources */ = {
			isa = PBXResourcesBuildPhase;
			buildActionMask = 2147483647;
			files = (
				6A8837F44D5DC1F207C3948F /* TEST_SPEC.md in Resources */,
			);
			runOnlyForDeploymentPostprocessing = 0;
		};
		E78A165535EFA9DA51657305 /* Resources */ = {
			isa = PBXResourcesBuildPhase;
			buildActionMask = 2147483647;
			files = (
				8FB470518247A3ABB9341C15 /* Assets.xcassets in Resources */,
			);
			runOnlyForDeploymentPostprocessing = 0;
		};
/* End PBXResourcesBuildPhase section */

/* Begin PBXSourcesBuildPhase section */
		65F30F597E3FDBC4923F1545 /* Sources */ = {
			isa = PBXSourcesBuildPhase;
			buildActionMask = 2147483647;
			files = (
				93BB9B20B2D081E5601CEE00 /* AcceptConnectionHelper.swift in Sources */,
				CCB9B46D8FAB607EEF574515 /* ChatE2ETests.swift in Sources */,
				D2D66422C311F0DAEECE29CF /* ComprehensiveVerificationTests.swift in Sources */,
				9A235E33827AC9E33BECB54C /* ConnectionE2ETests.swift in Sources */,
				C9430870CEECA6E54B1F6086 /* ConsentFlowUITests.swift in Sources */,
				3F7C39D4719DCB9C662022DA /* CrossDeviceFeatureTests.swift in Sources */,
				8089303B801F6FBE5E25C4B5 /* DisabledFeatureUXTests.swift in Sources */,
				C134F6183870B18F25D66B1B /* DiscoveryE2ETests.swift in Sources */,
				402668C766BED0AC8C7E4529 /* E2EIntegrationTests.swift in Sources */,
				CD53B74D15A17A0A733B97E0 /* E2ETestSuites.swift in Sources */,
				C1A720FFD1EB4CC3168F0088 /* FeatureVerificationTests.swift in Sources */,
				1656C05498B4D0A0BF0D09EE /* FileTransferE2ETests.swift in Sources */,
				DD5CB1040D7599EEF72DC92B /* FullFeatureVerificationTests.swift in Sources */,
				7E18D695CB47FF12411FA824 /* MultiSimTestBase.swift in Sources */,
				6352E5CBE89C2E1B123E88B5 /* PerformanceE2ETests.swift in Sources */,
				FA1DFD5C875FCFA863A9B356 /* ScreenshotTests.swift in Sources */,
				8AC1D27408D667B99802D3CF /* SnapshotHelper.swift in Sources */,
				9F9662F64C669221246F63E8 /* SnapshotTests.swift in Sources */,
				DAF0872294A78635ED2BD12A /* TimeoutConsentTests.swift in Sources */,
				94BF945F88CA9B360A7545CD /* TimeoutReconnectTests.swift in Sources */,
				4700A5799483DE1A0208A038 /* TwoDeviceTests.swift in Sources */,
			);
			runOnlyForDeploymentPostprocessing = 0;
		};
		929B92F444E58B352DEA1B85 /* Sources */ = {
			isa = PBXSourcesBuildPhase;
			buildActionMask = 2147483647;
			files = (
				20790589AF70549A2AD0380D /* CertificateManagerTests.swift in Sources */,
				5E80D5077A36825757B36CDA /* ChatIntegrationTests.swift in Sources */,
				22FCB8EB780E97DE1674CB72 /* ChatManagerGroupTests.swift in Sources */,
				CC842905F9E584D928A4F003 /* CircuitBreakerTests.swift in Sources */,
				53697C35A570F2E19AFBC410 /* ConnectionManagerTests.swift in Sources */,
				6F346DC19133E5CC09B63891 /* ConnectionTimeoutTests.swift in Sources */,
				F197E8CFA4067CF49BC85B16 /* DeviceRecordStoreTests.swift in Sources */,
				A94523D3B3E9B9DF528E7358 /* DiscoveryServiceTests.swift in Sources */,
				8DA618D655A058770E1034F8 /* EdgeCaseTests.swift in Sources */,
				4AFFE47EBC8AB46AC62B9364 /* FileTransferIntegrationTests.swift in Sources */,
				F04BBD59F93EF3F40E93A713 /* FileTransferTests.swift in Sources */,
				A31C96C072B1CDD392201E15 /* HapticManagerTests.swift in Sources */,
				D5E5261C0767F72FDBAAE03F /* HashVerifierTests.swift in Sources */,
				9C46933AE9ED40CF1729A0D9 /* LoopbackIntegrationTests.swift in Sources */,
				EC1C004623ED6E90FFA8F605 /* MediaMessageTests.swift in Sources */,
				82AB0A2711658311B6373371 /* MessageFramerTests.swift in Sources */,
				A523E3D891FD690DFE7F9F63 /* MessageReceiptTests.swift in Sources */,
				C9B70AA2CD7DC0FEBB1D3ECE /* MessageReplyTests.swift in Sources */,
				6846CE42A5D47F5DEF96C530 /* MockDiscovery.swift in Sources */,
				EE390C95FDFF883F3922C30D /* MockTransport.swift in Sources */,
				FF6F383897F52F459CB1893F /* PeerMessageTests.swift in Sources */,
				C23703D3233423E7B97BF640 /* PerformanceTests.swift in Sources */,
				8685EB1F6658650B6B97A528 /* ReconnectTests.swift in Sources */,
				899E55194720BED07EBFF5D8 /* RetryPolicyTests.swift in Sources */,
				DCF611CAA4F3D0494384187B /* StateMachineTests.swift in Sources */,
				70EE13BE136658C0B8EB3AE2 /* TransferMetadataTests.swift in Sources */,
				C4A1EF54C15B9C11604C8857 /* TypingIndicatorTests.swift in Sources */,
			);
			runOnlyForDeploymentPostprocessing = 0;
		};
		BFDCA49D51CD11CE894181B9 /* Sources */ = {
			isa = PBXSourcesBuildPhase;
			buildActionMask = 2147483647;
			files = (
				D94701A12A5E62279312EC22 /* AppDelegate.swift in Sources */,
				874F53371173F39758963EA1 /* ArchiveManager.swift in Sources */,
				9A0AE6490AE9C3A6306B7D62 /* AssignGroupSheet.swift in Sources */,
				3B8C23FCE45A7BAA19CA5CD6 /* BackupRecordListView.swift in Sources */,
				F906D35D0D3CD0586BC5B046 /* BonjourDiscovery.swift in Sources */,
				2782480390204B1B5A7D7AB9 /* CallKitManager.swift in Sources */,
				A509D5F1A5F7052EA5A17B97 /* CameraPickerView.swift in Sources */,
				EB33CCE006494C0D7838038F /* CertificateManager.swift in Sources */,
				17CED2BB3D9F438376227830 /* ChatBubbleView.swift in Sources */,
				84A097F8EE6479C7E63E0281 /* ChatDataEncryptor.swift in Sources */,
				BF9B0B0E3477A3910950E1F5 /* ChatManager.swift in Sources */,
				6309076E3D2F3BB15C6C675B /* ChatMessage.swift in Sources */,
				96E695C9B0E51653498D333F /* ChatSearchView.swift in Sources */,
				8493F3E5C9C9CBAEA52CB0B0 /* ChatView.swift in Sources */,
				5839437F8BE56D08943B46C8 /* ClipboardShareView.swift in Sources */,
				3403A25FBE9065753255202C /* ConnectedTab.swift in Sources */,
				91CAFCE77CB2258986637357 /* ConnectionManager.swift in Sources */,
				74DA55958F74974AA3086DC6 /* ConnectionState.swift in Sources */,
				6D9E553AC7F947B9101E3D1A /* ConnectionStatusHeaderView.swift in Sources */,
				D7733CC25EB645F65CE1FB01 /* ConnectionView.swift in Sources */,
				5418D2C8E97B7FA61101B692 /* ConsentSheet.swift in Sources */,
				00B142038F40DF47651DE3FC /* ContentView.swift in Sources */,
				13BDBEF232701A8D65911FA4 /* Data+Chunking.swift in Sources */,
				AB02B2955669F006F3D1FC9D /* DeviceGroup.swift in Sources */,
				18A43C643870F03CF49EEE09 /* DeviceGroupStore.swift in Sources */,
				EF4CFC9180E25C15F1F95713 /* DeviceRecord.swift in Sources */,
				27A6618B320BC359BCC8078F /* DeviceRecordRow.swift in Sources */,
				C3C0C03588C1886421B97385 /* DeviceRecordStore.swift in Sources */,
				5869553DAA2A2C0975800025 /* DisconnectSheet.swift in Sources */,
				9110550525FA92103FF5B86A /* DiscoveryService.swift in Sources */,
				23049AA320595802D640748B /* DiscoveryView.swift in Sources */,
				2B11B8027606E7A2F6423CCC /* DocumentPickerView.swift in Sources */,
				39A034332CB5376E39A50C65 /* FeatureSettings.swift in Sources */,
				78EF5354C89CF51473FD7D49 /* FilePickerView.swift in Sources */,
				D382B38045C3F4ED6239D259 /* FileTransfer.swift in Sources */,
				62EE3D9CDBDADC0A2D8DC24B /* FileTransferSession.swift in Sources */,
				B79F1D2D3B47C8B62B8A269F /* GroupChatView.swift in Sources */,
				AC394953E0699D3BC62370F5 /* GroupDetailView.swift in Sources */,
				61C5755BCACA92C8D909B00B /* GroupEditorView.swift in Sources */,
				342D25E7C0F456718E67300B /* GroupReadReceiptView.swift in Sources */,
				D7A85C61F57646A64E170080 /* GroupRow.swift in Sources */,
				E6A5A1F6F088625901B7665A /* HapticManager.swift in Sources */,
				9469CA1EC0E6DCCE708ED7E6 /* HashVerifier.swift in Sources */,
				208295A89E6A1DA82C9D7856 /* LaunchScreen.swift in Sources */,
				202AEE36D66263D6678979B4 /* LibraryTab.swift in Sources */,
				C8610709388D003A0C81EB85 /* ManualConnectView.swift in Sources */,
				BC36880D49020290230785A6 /* MediaMessagePayload.swift in Sources */,
				6691C0DC05645F5A6BB7DEC1 /* MediaPreviewView.swift in Sources */,
				9F91E409FC12B0F37B21F566 /* MessageFramer.swift in Sources */,
				313D171E903E165B5BC87B12 /* MessageReceiptPayload.swift in Sources */,
				791E5E35499FE4796FFDB4B8 /* MessageType.swift in Sources */,
				6BC209FDB9F4AA0CED375FA9 /* NWConnection+Async.swift in Sources */,
				3FC7000ACFFA0923AA0AE460 /* NearbyTab.swift in Sources */,
				BBC0DE4F2E2D726004FF0149 /* NotificationManager.swift in Sources */,
				1F91DF18EB139081A02E6519 /* PeerActionSheet.swift in Sources */,
				63BE92E572C307D1C28DE737 /* PeerAvatar.swift in Sources */,
				CB106AF82E824F38BCAC40AF /* PeerConnection.swift in Sources */,
				81920D8F8E949921862DF8BB /* PeerConnectionState.swift in Sources */,
				A838F5582EC4B71A97DE5DEE /* PeerDropApp.swift in Sources */,
				FA86F407E38041676D1C7D84 /* PeerGridItemView.swift in Sources */,
				F21394B4FF3FCF7E66AE4035 /* PeerIdentity.swift in Sources */,
				DA42DB23C8EA7A302D500E58 /* PeerMessage.swift in Sources */,
				086A26B7FBCA6689A8CFBEFA /* PeerRowView.swift in Sources */,
				7C0D9050750875F998E05FCD /* ProtocolVersion.swift in Sources */,
				A36DC25C0A7CBD82A82F298B /* ReactionPayload.swift in Sources */,
				EE3FDCDE1B20A0027BC311E5 /* ReactionPickerView.swift in Sources */,
				FEE61C94B5009E0D2BE14302 /* SDPSignaling.swift in Sources */,
				4F7C9220F1F5BFC1CCE311CE /* ScreenshotModeProvider.swift in Sources */,
				EC38263A97EFDFA52ACC9377 /* SettingsView.swift in Sources */,
				B4252FDB1F7BF7D7A6CFCBBF /* StatusBadge.swift in Sources */,
				EF397F7C55CD03C40EB060CC /* StatusToastView.swift in Sources */,
				1D2D5FAE4893C5D84F9C1A20 /* TCPTransport.swift in Sources */,
				88DEFED6EF2E7F1872648030 /* TLSConfiguration.swift in Sources */,
				AAEB94525DFB07657E10BEFF /* TailscalePeer.swift in Sources */,
				29F116297B31EBBCFAB62E3A /* TextMessagePayload.swift in Sources */,
				C90779775E285D4D1D4D26EB /* ToastView.swift in Sources */,
				5D59113DCD6E53DE9974640F /* TransferHistoryView.swift in Sources */,
				FFAED0C0D33E4E57C00B905B /* TransferMetadata.swift in Sources */,
				E55B24C969A12E4905A98F0D /* TransferProgressView.swift in Sources */,
				B67BE936119A20744D591C90 /* TransferRecord.swift in Sources */,
				CF75E0F98348446155AFC727 /* TransportProtocol.swift in Sources */,
				DC36D0D22B9764100D164C35 /* TypingIndicatorPayload.swift in Sources */,
				239DB398541A3E45203962AF /* TypingIndicatorView.swift in Sources */,
				A74847A67B418445595E82AF /* URL+Zip.swift in Sources */,
				AC282EF4C7E2C8E7F1A87ABE /* UserProfile.swift in Sources */,
				BB0A876963F26D7D52EECB7A /* UserProfileView.swift in Sources */,
				4268B5D7D7320DD32176AC4E /* VoiceCallManager.swift in Sources */,
				E18567293F69BFFD0F2A4C12 /* VoiceCallSession.swift in Sources */,
				18E7D2A8006C6991A961376A /* VoiceCallView.swift in Sources */,
				576B501BA221A9FAD6309E7B /* VoicePlayer.swift in Sources */,
				CA5D8EB04D2EF450A33FA695 /* VoiceRecorder.swift in Sources */,
				3FFBC03FD91DD4BFB1DFD135 /* WebRTCClient.swift in Sources */,
			);
			runOnlyForDeploymentPostprocessing = 0;
		};
/* End PBXSourcesBuildPhase section */

/* Begin PBXTargetDependency section */
		3A3E2E23549391CAB4F492BC /* PBXTargetDependency */ = {
			isa = PBXTargetDependency;
			target = 0A0CD5FF6A828E9185B2315B /* PeerDrop */;
			targetProxy = 2B17F4DCD10261C5D277FE35 /* PBXContainerItemProxy */;
		};
		D65D4E0692A0741B608566D4 /* PBXTargetDependency */ = {
			isa = PBXTargetDependency;
			target = 0A0CD5FF6A828E9185B2315B /* PeerDrop */;
			targetProxy = 6D96F107E9874BCB904A1FAA /* PBXContainerItemProxy */;
		};
/* End PBXTargetDependency section */

/* Begin XCBuildConfiguration section */
		06C2004AE46B11574EE053F3 /* Release */ = {
			isa = XCBuildConfiguration;
			buildSettings = {
				BUNDLE_LOADER = "$(TEST_HOST)";
				GENERATE_INFOPLIST_FILE = YES;
				LD_RUNPATH_SEARCH_PATHS = (
					"$(inherited)",
					"@executable_path/Frameworks",
					"@loader_path/Frameworks",
				);
				PRODUCT_BUNDLE_IDENTIFIER = com.peerdrop.tests;
				SDKROOT = iphoneos;
				TARGETED_DEVICE_FAMILY = "1,2";
				TEST_HOST = "$(BUILT_PRODUCTS_DIR)/PeerDrop.app/PeerDrop";
			};
			name = Release;
		};
		08A86CE434EB16589354EA40 /* Debug */ = {
			isa = XCBuildConfiguration;
			buildSettings = {
				BUNDLE_LOADER = "$(TEST_HOST)";
				GENERATE_INFOPLIST_FILE = YES;
				LD_RUNPATH_SEARCH_PATHS = (
					"$(inherited)",
					"@executable_path/Frameworks",
					"@loader_path/Frameworks",
				);
				PRODUCT_BUNDLE_IDENTIFIER = com.peerdrop.tests;
				SDKROOT = iphoneos;
				TARGETED_DEVICE_FAMILY = "1,2";
				TEST_HOST = "$(BUILT_PRODUCTS_DIR)/PeerDrop.app/PeerDrop";
			};
			name = Debug;
		};
		3FB50FBFFD369381936C328C /* Release */ = {
			isa = XCBuildConfiguration;
			buildSettings = {
				BUNDLE_LOADER = "$(TEST_HOST)";
				GENERATE_INFOPLIST_FILE = YES;
				LD_RUNPATH_SEARCH_PATHS = (
					"$(inherited)",
					"@executable_path/Frameworks",
					"@loader_path/Frameworks",
				);
				PRODUCT_BUNDLE_IDENTIFIER = com.peerdrop.uitests;
				SDKROOT = iphoneos;
				TARGETED_DEVICE_FAMILY = "1,2";
				TEST_TARGET_NAME = PeerDrop;
			};
			name = Release;
		};
		4DE45F8ECBA380BFD256AE5B /* Debug */ = {
			isa = XCBuildConfiguration;
			buildSettings = {
				BUNDLE_LOADER = "$(TEST_HOST)";
				GENERATE_INFOPLIST_FILE = YES;
				LD_RUNPATH_SEARCH_PATHS = (
					"$(inherited)",
					"@executable_path/Frameworks",
					"@loader_path/Frameworks",
				);
				PRODUCT_BUNDLE_IDENTIFIER = com.peerdrop.uitests;
				SDKROOT = iphoneos;
				TARGETED_DEVICE_FAMILY = "1,2";
				TEST_TARGET_NAME = PeerDrop;
			};
			name = Debug;
		};
		7E74B2CC3908D83E08101866 /* Release */ = {
			isa = XCBuildConfiguration;
			buildSettings = {
				ASSETCATALOG_COMPILER_APPICON_NAME = AppIcon;
				ASSETCATALOG_COMPILER_GLOBAL_ACCENT_COLOR_NAME = AccentColor;
				CODE_SIGN_IDENTITY = "iPhone Developer";
				CURRENT_PROJECT_VERSION = 1;
				INFOPLIST_FILE = PeerDrop/App/Info.plist;
				LD_RUNPATH_SEARCH_PATHS = (
					"$(inherited)",
					"@executable_path/Frameworks",
				);
				MARKETING_VERSION = 1.0.0;
				PRODUCT_BUNDLE_IDENTIFIER = com.peerdrop.app;
				SDKROOT = iphoneos;
				TARGETED_DEVICE_FAMILY = "1,2";
			};
			name = Release;
		};
		80EB7FBA76991A74CA5A81F7 /* Debug */ = {
			isa = XCBuildConfiguration;
			buildSettings = {
				ASSETCATALOG_COMPILER_APPICON_NAME = AppIcon;
				ASSETCATALOG_COMPILER_GLOBAL_ACCENT_COLOR_NAME = AccentColor;
				CODE_SIGN_IDENTITY = "iPhone Developer";
				CURRENT_PROJECT_VERSION = 1;
				INFOPLIST_FILE = PeerDrop/App/Info.plist;
				LD_RUNPATH_SEARCH_PATHS = (
					"$(inherited)",
					"@executable_path/Frameworks",
				);
				MARKETING_VERSION = 1.0.0;
				PRODUCT_BUNDLE_IDENTIFIER = com.peerdrop.app;
				SDKROOT = iphoneos;
				TARGETED_DEVICE_FAMILY = "1,2";
			};
			name = Debug;
		};
		AF54BF708F3B499BE65CF7DF /* Release */ = {
			isa = XCBuildConfiguration;
			buildSettings = {
				ALWAYS_SEARCH_USER_PATHS = NO;
				CLANG_ANALYZER_NONNULL = YES;
				CLANG_ANALYZER_NUMBER_OBJECT_CONVERSION = YES_AGGRESSIVE;
				CLANG_CXX_LANGUAGE_STANDARD = "gnu++14";
				CLANG_CXX_LIBRARY = "libc++";
				CLANG_ENABLE_MODULES = YES;
				CLANG_ENABLE_OBJC_ARC = YES;
				CLANG_ENABLE_OBJC_WEAK = YES;
				CLANG_WARN_BLOCK_CAPTURE_AUTORELEASING = YES;
				CLANG_WARN_BOOL_CONVERSION = YES;
				CLANG_WARN_COMMA = YES;
				CLANG_WARN_CONSTANT_CONVERSION = YES;
				CLANG_WARN_DEPRECATED_OBJC_IMPLEMENTATIONS = YES;
				CLANG_WARN_DIRECT_OBJC_ISA_USAGE = YES_ERROR;
				CLANG_WARN_DOCUMENTATION_COMMENTS = YES;
				CLANG_WARN_EMPTY_BODY = YES;
				CLANG_WARN_ENUM_CONVERSION = YES;
				CLANG_WARN_INFINITE_RECURSION = YES;
				CLANG_WARN_INT_CONVERSION = YES;
				CLANG_WARN_NON_LITERAL_NULL_CONVERSION = YES;
				CLANG_WARN_OBJC_IMPLICIT_RETAIN_SELF = YES;
				CLANG_WARN_OBJC_LITERAL_CONVERSION = YES;
				CLANG_WARN_OBJC_ROOT_CLASS = YES_ERROR;
				CLANG_WARN_QUOTED_INCLUDE_IN_FRAMEWORK_HEADER = YES;
				CLANG_WARN_RANGE_LOOP_ANALYSIS = YES;
				CLANG_WARN_STRICT_PROTOTYPES = YES;
				CLANG_WARN_SUSPICIOUS_MOVE = YES;
				CLANG_WARN_UNGUARDED_AVAILABILITY = YES_AGGRESSIVE;
				CLANG_WARN_UNREACHABLE_CODE = YES;
				CLANG_WARN__DUPLICATE_METHOD_MATCH = YES;
				COPY_PHASE_STRIP = NO;
				DEBUG_INFORMATION_FORMAT = "dwarf-with-dsym";
				ENABLE_NS_ASSERTIONS = NO;
				ENABLE_STRICT_OBJC_MSGSEND = YES;
				GCC_C_LANGUAGE_STANDARD = gnu11;
				GCC_NO_COMMON_BLOCKS = YES;
				GCC_WARN_64_TO_32_BIT_CONVERSION = YES;
				GCC_WARN_ABOUT_RETURN_TYPE = YES_ERROR;
				GCC_WARN_UNDECLARED_SELECTOR = YES;
				GCC_WARN_UNINITIALIZED_AUTOS = YES_AGGRESSIVE;
				GCC_WARN_UNUSED_FUNCTION = YES;
				GCC_WARN_UNUSED_VARIABLE = YES;
				IPHONEOS_DEPLOYMENT_TARGET = 16.0;
				MTL_ENABLE_DEBUG_INFO = NO;
				MTL_FAST_MATH = YES;
				PRODUCT_NAME = "$(TARGET_NAME)";
				SDKROOT = iphoneos;
				SWIFT_COMPILATION_MODE = wholemodule;
				SWIFT_OPTIMIZATION_LEVEL = "-O";
				SWIFT_VERSION = 5.9;
				TARGETED_DEVICE_FAMILY = 1;
			};
			name = Release;
		};
		D3C89E51C09A625FE31292FA /* Debug */ = {
			isa = XCBuildConfiguration;
			buildSettings = {
				ALWAYS_SEARCH_USER_PATHS = NO;
				CLANG_ANALYZER_NONNULL = YES;
				CLANG_ANALYZER_NUMBER_OBJECT_CONVERSION = YES_AGGRESSIVE;
				CLANG_CXX_LANGUAGE_STANDARD = "gnu++14";
				CLANG_CXX_LIBRARY = "libc++";
				CLANG_ENABLE_MODULES = YES;
				CLANG_ENABLE_OBJC_ARC = YES;
				CLANG_ENABLE_OBJC_WEAK = YES;
				CLANG_WARN_BLOCK_CAPTURE_AUTORELEASING = YES;
				CLANG_WARN_BOOL_CONVERSION = YES;
				CLANG_WARN_COMMA = YES;
				CLANG_WARN_CONSTANT_CONVERSION = YES;
				CLANG_WARN_DEPRECATED_OBJC_IMPLEMENTATIONS = YES;
				CLANG_WARN_DIRECT_OBJC_ISA_USAGE = YES_ERROR;
				CLANG_WARN_DOCUMENTATION_COMMENTS = YES;
				CLANG_WARN_EMPTY_BODY = YES;
				CLANG_WARN_ENUM_CONVERSION = YES;
				CLANG_WARN_INFINITE_RECURSION = YES;
				CLANG_WARN_INT_CONVERSION = YES;
				CLANG_WARN_NON_LITERAL_NULL_CONVERSION = YES;
				CLANG_WARN_OBJC_IMPLICIT_RETAIN_SELF = YES;
				CLANG_WARN_OBJC_LITERAL_CONVERSION = YES;
				CLANG_WARN_OBJC_ROOT_CLASS = YES_ERROR;
				CLANG_WARN_QUOTED_INCLUDE_IN_FRAMEWORK_HEADER = YES;
				CLANG_WARN_RANGE_LOOP_ANALYSIS = YES;
				CLANG_WARN_STRICT_PROTOTYPES = YES;
				CLANG_WARN_SUSPICIOUS_MOVE = YES;
				CLANG_WARN_UNGUARDED_AVAILABILITY = YES_AGGRESSIVE;
				CLANG_WARN_UNREACHABLE_CODE = YES;
				CLANG_WARN__DUPLICATE_METHOD_MATCH = YES;
				COPY_PHASE_STRIP = NO;
				DEBUG_INFORMATION_FORMAT = dwarf;
				ENABLE_STRICT_OBJC_MSGSEND = YES;
				ENABLE_TESTABILITY = YES;
				GCC_C_LANGUAGE_STANDARD = gnu11;
				GCC_DYNAMIC_NO_PIC = NO;
				GCC_NO_COMMON_BLOCKS = YES;
				GCC_OPTIMIZATION_LEVEL = 0;
				GCC_PREPROCESSOR_DEFINITIONS = (
					"$(inherited)",
					"DEBUG=1",
				);
				GCC_WARN_64_TO_32_BIT_CONVERSION = YES;
				GCC_WARN_ABOUT_RETURN_TYPE = YES_ERROR;
				GCC_WARN_UNDECLARED_SELECTOR = YES;
				GCC_WARN_UNINITIALIZED_AUTOS = YES_AGGRESSIVE;
				GCC_WARN_UNUSED_FUNCTION = YES;
				GCC_WARN_UNUSED_VARIABLE = YES;
				IPHONEOS_DEPLOYMENT_TARGET = 16.0;
				MTL_ENABLE_DEBUG_INFO = INCLUDE_SOURCE;
				MTL_FAST_MATH = YES;
				ONLY_ACTIVE_ARCH = YES;
				PRODUCT_NAME = "$(TARGET_NAME)";
				SDKROOT = iphoneos;
				SWIFT_ACTIVE_COMPILATION_CONDITIONS = DEBUG;
				SWIFT_OPTIMIZATION_LEVEL = "-Onone";
				SWIFT_VERSION = 5.9;
				TARGETED_DEVICE_FAMILY = 1;
			};
			name = Debug;
		};
/* End XCBuildConfiguration section */

/* Begin XCConfigurationList section */
		32BCE88FB37DC4C57F8AEFA6 /* Build configuration list for PBXNativeTarget "PeerDropTests" */ = {
			isa = XCConfigurationList;
			buildConfigurations = (
				08A86CE434EB16589354EA40 /* Debug */,
				06C2004AE46B11574EE053F3 /* Release */,
			);
			defaultConfigurationIsVisible = 0;
			defaultConfigurationName = Debug;
		};
		5C30CACFA082BB7B05A984AA /* Build configuration list for PBXProject "PeerDrop" */ = {
			isa = XCConfigurationList;
			buildConfigurations = (
				D3C89E51C09A625FE31292FA /* Debug */,
				AF54BF708F3B499BE65CF7DF /* Release */,
			);
			defaultConfigurationIsVisible = 0;
			defaultConfigurationName = Debug;
		};
		A6D2CBF0BC213CE52AB59EB6 /* Build configuration list for PBXNativeTarget "PeerDrop" */ = {
			isa = XCConfigurationList;
			buildConfigurations = (
				80EB7FBA76991A74CA5A81F7 /* Debug */,
				7E74B2CC3908D83E08101866 /* Release */,
			);
			defaultConfigurationIsVisible = 0;
			defaultConfigurationName = Debug;
		};
		FFDC5675EFAEBD6C12B09175 /* Build configuration list for PBXNativeTarget "PeerDropUITests" */ = {
			isa = XCConfigurationList;
			buildConfigurations = (
				4DE45F8ECBA380BFD256AE5B /* Debug */,
				3FB50FBFFD369381936C328C /* Release */,
			);
			defaultConfigurationIsVisible = 0;
			defaultConfigurationName = Debug;
		};
/* End XCConfigurationList section */

/* Begin XCRemoteSwiftPackageReference section */
		6EA1BFE870A0982DBA285C67 /* XCRemoteSwiftPackageReference "WebRTC" */ = {
			isa = XCRemoteSwiftPackageReference;
			repositoryURL = "https://github.com/stasel/WebRTC";
			requirement = {
				kind = exactVersion;
				version = 125.0.0;
			};
		};
/* End XCRemoteSwiftPackageReference section */

/* Begin XCSwiftPackageProductDependency section */
		4C17EA9E6BE4797FC20EBBBC /* WebRTC */ = {
			isa = XCSwiftPackageProductDependency;
			package = 6EA1BFE870A0982DBA285C67 /* XCRemoteSwiftPackageReference "WebRTC" */;
			productName = WebRTC;
		};
/* End XCSwiftPackageProductDependency section */
	};
	rootObject = 68DA42402509F8E5D3003CEA /* Project object */;
}
